// !$*UTF8*$!
{
	archiveVersion = 1;
	classes = {
	};
	objectVersion = 46;
	objects = {

/* Begin PBXBuildFile section */
		4F16F3941D15926800E8B25D /* main.m in Sources */ = {isa = PBXBuildFile; fileRef = 4F16F3931D15926800E8B25D /* main.m */; };
		4F16F3971D15926800E8B25D /* AppDelegate.m in Sources */ = {isa = PBXBuildFile; fileRef = 4F16F3961D15926800E8B25D /* AppDelegate.m */; };
		4F16F39A1D15926800E8B25D /* ListViewController.m in Sources */ = {isa = PBXBuildFile; fileRef = 4F16F3991D15926800E8B25D /* ListViewController.m */; };
		4F16F39D1D15926800E8B25D /* Main.storyboard in Resources */ = {isa = PBXBuildFile; fileRef = 4F16F39B1D15926800E8B25D /* Main.storyboard */; };
		4F16F39F1D15926800E8B25D /* Assets.xcassets in Resources */ = {isa = PBXBuildFile; fileRef = 4F16F39E1D15926800E8B25D /* Assets.xcassets */; };
		4F16F3A21D15926800E8B25D /* LaunchScreen.storyboard in Resources */ = {isa = PBXBuildFile; fileRef = 4F16F3A01D15926800E8B25D /* LaunchScreen.storyboard */; };
		4F3AF59F1E61273300CEE308 /* MNavigationController.m in Sources */ = {isa = PBXBuildFile; fileRef = 4F3AF59E1E61273300CEE308 /* MNavigationController.m */; };
		7D872EDCA83C4A42043A7C99 /* libPods-MVideo.a in Frameworks */ = {isa = PBXBuildFile; fileRef = 555C6A4F7C914B4153854619 /* libPods-MVideo.a */; };
		C73892FA1E644E0F0044C969 /* MMovieModel.m in Sources */ = {isa = PBXBuildFile; fileRef = C73892F91E644E0F0044C969 /* MMovieModel.m */; };
		C73926EC1D1D2FAD00C93A12 /* AVKit.framework in Frameworks */ = {isa = PBXBuildFile; fileRef = C73926EB1D1D2FAD00C93A12 /* AVKit.framework */; };
		C78928531E7D2DB800C65069 /* 直播列表1.txt in Resources */ = {isa = PBXBuildFile; fileRef = C78928521E7D2DB800C65069 /* 直播列表1.txt */; };
		C79296601E9E06F00060FC73 /* libavcodec.a in Frameworks */ = {isa = PBXBuildFile; fileRef = C792965A1E9E06F00060FC73 /* libavcodec.a */; };
		C79296611E9E06F00060FC73 /* libavfilter.a in Frameworks */ = {isa = PBXBuildFile; fileRef = C792965B1E9E06F00060FC73 /* libavfilter.a */; };
		C79296621E9E06F00060FC73 /* libavformat.a in Frameworks */ = {isa = PBXBuildFile; fileRef = C792965C1E9E06F00060FC73 /* libavformat.a */; };
		C79296631E9E06F00060FC73 /* libavutil.a in Frameworks */ = {isa = PBXBuildFile; fileRef = C792965D1E9E06F00060FC73 /* libavutil.a */; };
		C79296641E9E06F00060FC73 /* libswresample.a in Frameworks */ = {isa = PBXBuildFile; fileRef = C792965E1E9E06F00060FC73 /* libswresample.a */; };
		C79296651E9E06F00060FC73 /* libswscale.a in Frameworks */ = {isa = PBXBuildFile; fileRef = C792965F1E9E06F00060FC73 /* libswscale.a */; };
		C7A33EEF1E54491B0009768F /* MHomeViewController.m in Sources */ = {isa = PBXBuildFile; fileRef = C7A33EEE1E54491B0009768F /* MHomeViewController.m */; };
		C7A33EF51E544F160009768F /* NewPlayerViewController.m in Sources */ = {isa = PBXBuildFile; fileRef = C7A33EF41E544F160009768F /* NewPlayerViewController.m */; };
		C7A33F021E544FE00009768F /* KxAudioManager.m in Sources */ = {isa = PBXBuildFile; fileRef = C7A33EF81E544FE00009768F /* KxAudioManager.m */; };
		C7A33F031E544FE00009768F /* kxmovie.bundle in Resources */ = {isa = PBXBuildFile; fileRef = C7A33EFB1E544FE00009768F /* kxmovie.bundle */; };
		C7A33F041E544FE00009768F /* KxMovieDecoder.m in Sources */ = {isa = PBXBuildFile; fileRef = C7A33EFD1E544FE00009768F /* KxMovieDecoder.m */; };
		C7A33F051E544FE00009768F /* KxMovieGLView.m in Sources */ = {isa = PBXBuildFile; fileRef = C7A33EFF1E544FE00009768F /* KxMovieGLView.m */; };
		C7A33F061E544FE00009768F /* KxMovieViewController.m in Sources */ = {isa = PBXBuildFile; fileRef = C7A33F011E544FE00009768F /* KxMovieViewController.m */; };
		C7A33F081E5450070009768F /* UIKit.framework in Frameworks */ = {isa = PBXBuildFile; fileRef = C7A33F071E5450070009768F /* UIKit.framework */; };
		C7A33F0C1E54549A0009768F /* ListTableViewCell.m in Sources */ = {isa = PBXBuildFile; fileRef = C7A33F0B1E54549A0009768F /* ListTableViewCell.m */; };
		C7CD070B1E5AB04C007A2F21 /* VideoToolbox.framework in Frameworks */ = {isa = PBXBuildFile; fileRef = C7CD070A1E5AB04C007A2F21 /* VideoToolbox.framework */; };
		C7CD070D1E5AB10D007A2F21 /* libz.1.2.5.tbd in Frameworks */ = {isa = PBXBuildFile; fileRef = C7CD070C1E5AB10D007A2F21 /* libz.1.2.5.tbd */; };
/* End PBXBuildFile section */

/* Begin PBXFileReference section */
		1FFC45E0305C9DC90791AED1 /* Pods-MVideo.release.xcconfig */ = {isa = PBXFileReference; includeInIndex = 1; lastKnownFileType = text.xcconfig; name = "Pods-MVideo.release.xcconfig"; path = "Pods/Target Support Files/Pods-MVideo/Pods-MVideo.release.xcconfig"; sourceTree = "<group>"; };
		456BAC7CC6557EA39F023529 /* Pods-MVideo.debug.xcconfig */ = {isa = PBXFileReference; includeInIndex = 1; lastKnownFileType = text.xcconfig; name = "Pods-MVideo.debug.xcconfig"; path = "Pods/Target Support Files/Pods-MVideo/Pods-MVideo.debug.xcconfig"; sourceTree = "<group>"; };
		4F16F38F1D15926800E8B25D /* MVideo.app */ = {isa = PBXFileReference; explicitFileType = wrapper.application; includeInIndex = 0; path = MVideo.app; sourceTree = BUILT_PRODUCTS_DIR; };
		4F16F3931D15926800E8B25D /* main.m */ = {isa = PBXFileReference; lastKnownFileType = sourcecode.c.objc; path = main.m; sourceTree = "<group>"; };
		4F16F3951D15926800E8B25D /* AppDelegate.h */ = {isa = PBXFileReference; lastKnownFileType = sourcecode.c.h; path = AppDelegate.h; sourceTree = "<group>"; };
		4F16F3961D15926800E8B25D /* AppDelegate.m */ = {isa = PBXFileReference; lastKnownFileType = sourcecode.c.objc; path = AppDelegate.m; sourceTree = "<group>"; };
		4F16F3981D15926800E8B25D /* ListViewController.h */ = {isa = PBXFileReference; lastKnownFileType = sourcecode.c.h; path = ListViewController.h; sourceTree = "<group>"; };
		4F16F3991D15926800E8B25D /* ListViewController.m */ = {isa = PBXFileReference; lastKnownFileType = sourcecode.c.objc; path = ListViewController.m; sourceTree = "<group>"; };
		4F16F39C1D15926800E8B25D /* Base */ = {isa = PBXFileReference; lastKnownFileType = file.storyboard; name = Base; path = Base.lproj/Main.storyboard; sourceTree = "<group>"; };
		4F16F39E1D15926800E8B25D /* Assets.xcassets */ = {isa = PBXFileReference; lastKnownFileType = folder.assetcatalog; path = Assets.xcassets; sourceTree = "<group>"; };
		4F16F3A11D15926800E8B25D /* Base */ = {isa = PBXFileReference; lastKnownFileType = file.storyboard; name = Base; path = Base.lproj/LaunchScreen.storyboard; sourceTree = "<group>"; };
		4F16F3A31D15926800E8B25D /* Info.plist */ = {isa = PBXFileReference; lastKnownFileType = text.plist.xml; path = Info.plist; sourceTree = "<group>"; };
		4F3AF59D1E61273300CEE308 /* MNavigationController.h */ = {isa = PBXFileReference; fileEncoding = 4; lastKnownFileType = sourcecode.c.h; path = MNavigationController.h; sourceTree = "<group>"; };
		4F3AF59E1E61273300CEE308 /* MNavigationController.m */ = {isa = PBXFileReference; fileEncoding = 4; lastKnownFileType = sourcecode.c.objc; path = MNavigationController.m; sourceTree = "<group>"; };
		555C6A4F7C914B4153854619 /* libPods-MVideo.a */ = {isa = PBXFileReference; explicitFileType = archive.ar; includeInIndex = 0; path = "libPods-MVideo.a"; sourceTree = BUILT_PRODUCTS_DIR; };
		C73892F81E644E0F0044C969 /* MMovieModel.h */ = {isa = PBXFileReference; fileEncoding = 4; lastKnownFileType = sourcecode.c.h; path = MMovieModel.h; sourceTree = "<group>"; };
		C73892F91E644E0F0044C969 /* MMovieModel.m */ = {isa = PBXFileReference; fileEncoding = 4; lastKnownFileType = sourcecode.c.objc; path = MMovieModel.m; sourceTree = "<group>"; };
		C73926EB1D1D2FAD00C93A12 /* AVKit.framework */ = {isa = PBXFileReference; lastKnownFileType = wrapper.framework; name = AVKit.framework; path = System/Library/Frameworks/AVKit.framework; sourceTree = SDKROOT; };
		C78928521E7D2DB800C65069 /* 直播列表1.txt */ = {isa = PBXFileReference; fileEncoding = 4; lastKnownFileType = text; path = "直播列表1.txt"; sourceTree = "<group>"; };
		C79295D31E9E06F00060FC73 /* avcodec.h */ = {isa = PBXFileReference; fileEncoding = 4; lastKnownFileType = sourcecode.c.h; path = avcodec.h; sourceTree = "<group>"; };
		C79295D41E9E06F00060FC73 /* avdct.h */ = {isa = PBXFileReference; fileEncoding = 4; lastKnownFileType = sourcecode.c.h; path = avdct.h; sourceTree = "<group>"; };
		C79295D51E9E06F00060FC73 /* avfft.h */ = {isa = PBXFileReference; fileEncoding = 4; lastKnownFileType = sourcecode.c.h; path = avfft.h; sourceTree = "<group>"; };
		C79295D61E9E06F00060FC73 /* d3d11va.h */ = {isa = PBXFileReference; fileEncoding = 4; lastKnownFileType = sourcecode.c.h; path = d3d11va.h; sourceTree = "<group>"; };
		C79295D71E9E06F00060FC73 /* dirac.h */ = {isa = PBXFileReference; fileEncoding = 4; lastKnownFileType = sourcecode.c.h; path = dirac.h; sourceTree = "<group>"; };
		C79295D81E9E06F00060FC73 /* dv_profile.h */ = {isa = PBXFileReference; fileEncoding = 4; lastKnownFileType = sourcecode.c.h; path = dv_profile.h; sourceTree = "<group>"; };
		C79295D91E9E06F00060FC73 /* dxva2.h */ = {isa = PBXFileReference; fileEncoding = 4; lastKnownFileType = sourcecode.c.h; path = dxva2.h; sourceTree = "<group>"; };
		C79295DA1E9E06F00060FC73 /* jni.h */ = {isa = PBXFileReference; fileEncoding = 4; lastKnownFileType = sourcecode.c.h; path = jni.h; sourceTree = "<group>"; };
		C79295DB1E9E06F00060FC73 /* mediacodec.h */ = {isa = PBXFileReference; fileEncoding = 4; lastKnownFileType = sourcecode.c.h; path = mediacodec.h; sourceTree = "<group>"; };
		C79295DC1E9E06F00060FC73 /* qsv.h */ = {isa = PBXFileReference; fileEncoding = 4; lastKnownFileType = sourcecode.c.h; path = qsv.h; sourceTree = "<group>"; };
		C79295DD1E9E06F00060FC73 /* vaapi.h */ = {isa = PBXFileReference; fileEncoding = 4; lastKnownFileType = sourcecode.c.h; path = vaapi.h; sourceTree = "<group>"; };
		C79295DE1E9E06F00060FC73 /* vda.h */ = {isa = PBXFileReference; fileEncoding = 4; lastKnownFileType = sourcecode.c.h; path = vda.h; sourceTree = "<group>"; };
		C79295DF1E9E06F00060FC73 /* vdpau.h */ = {isa = PBXFileReference; fileEncoding = 4; lastKnownFileType = sourcecode.c.h; path = vdpau.h; sourceTree = "<group>"; };
		C79295E01E9E06F00060FC73 /* version.h */ = {isa = PBXFileReference; fileEncoding = 4; lastKnownFileType = sourcecode.c.h; path = version.h; sourceTree = "<group>"; };
		C79295E11E9E06F00060FC73 /* videotoolbox.h */ = {isa = PBXFileReference; fileEncoding = 4; lastKnownFileType = sourcecode.c.h; path = videotoolbox.h; sourceTree = "<group>"; };
		C79295E21E9E06F00060FC73 /* vorbis_parser.h */ = {isa = PBXFileReference; fileEncoding = 4; lastKnownFileType = sourcecode.c.h; path = vorbis_parser.h; sourceTree = "<group>"; };
		C79295E31E9E06F00060FC73 /* xvmc.h */ = {isa = PBXFileReference; fileEncoding = 4; lastKnownFileType = sourcecode.c.h; path = xvmc.h; sourceTree = "<group>"; };
		C79295E51E9E06F00060FC73 /* avfilter.h */ = {isa = PBXFileReference; fileEncoding = 4; lastKnownFileType = sourcecode.c.h; path = avfilter.h; sourceTree = "<group>"; };
		C79295E61E9E06F00060FC73 /* avfiltergraph.h */ = {isa = PBXFileReference; fileEncoding = 4; lastKnownFileType = sourcecode.c.h; path = avfiltergraph.h; sourceTree = "<group>"; };
		C79295E71E9E06F00060FC73 /* buffersink.h */ = {isa = PBXFileReference; fileEncoding = 4; lastKnownFileType = sourcecode.c.h; path = buffersink.h; sourceTree = "<group>"; };
		C79295E81E9E06F00060FC73 /* buffersrc.h */ = {isa = PBXFileReference; fileEncoding = 4; lastKnownFileType = sourcecode.c.h; path = buffersrc.h; sourceTree = "<group>"; };
		C79295E91E9E06F00060FC73 /* version.h */ = {isa = PBXFileReference; fileEncoding = 4; lastKnownFileType = sourcecode.c.h; path = version.h; sourceTree = "<group>"; };
		C79295EB1E9E06F00060FC73 /* avc.h */ = {isa = PBXFileReference; fileEncoding = 4; lastKnownFileType = sourcecode.c.h; path = avc.h; sourceTree = "<group>"; };
		C79295EC1E9E06F00060FC73 /* avformat.h */ = {isa = PBXFileReference; fileEncoding = 4; lastKnownFileType = sourcecode.c.h; path = avformat.h; sourceTree = "<group>"; };
		C79295ED1E9E06F00060FC73 /* avio.h */ = {isa = PBXFileReference; fileEncoding = 4; lastKnownFileType = sourcecode.c.h; path = avio.h; sourceTree = "<group>"; };
		C79295EE1E9E06F00060FC73 /* internal.h */ = {isa = PBXFileReference; fileEncoding = 4; lastKnownFileType = sourcecode.c.h; path = internal.h; sourceTree = "<group>"; };
		C79295EF1E9E06F00060FC73 /* url.h */ = {isa = PBXFileReference; fileEncoding = 4; lastKnownFileType = sourcecode.c.h; path = url.h; sourceTree = "<group>"; };
		C79295F01E9E06F00060FC73 /* version.h */ = {isa = PBXFileReference; fileEncoding = 4; lastKnownFileType = sourcecode.c.h; path = version.h; sourceTree = "<group>"; };
		C79295F21E9E06F00060FC73 /* adler32.h */ = {isa = PBXFileReference; fileEncoding = 4; lastKnownFileType = sourcecode.c.h; path = adler32.h; sourceTree = "<group>"; };
		C79295F31E9E06F00060FC73 /* aes.h */ = {isa = PBXFileReference; fileEncoding = 4; lastKnownFileType = sourcecode.c.h; path = aes.h; sourceTree = "<group>"; };
		C79295F41E9E06F00060FC73 /* aes_ctr.h */ = {isa = PBXFileReference; fileEncoding = 4; lastKnownFileType = sourcecode.c.h; path = aes_ctr.h; sourceTree = "<group>"; };
		C79295F51E9E06F00060FC73 /* application.h */ = {isa = PBXFileReference; fileEncoding = 4; lastKnownFileType = sourcecode.c.h; path = application.h; sourceTree = "<group>"; };
		C79295F71E9E06F00060FC73 /* avconfig.h */ = {isa = PBXFileReference; fileEncoding = 4; lastKnownFileType = sourcecode.c.h; path = avconfig.h; sourceTree = "<group>"; };
		C79295F81E9E06F00060FC73 /* ffversion.h */ = {isa = PBXFileReference; fileEncoding = 4; lastKnownFileType = sourcecode.c.h; path = ffversion.h; sourceTree = "<group>"; };
		C79295FA1E9E06F00060FC73 /* avconfig.h */ = {isa = PBXFileReference; fileEncoding = 4; lastKnownFileType = sourcecode.c.h; path = avconfig.h; sourceTree = "<group>"; };
		C79295FB1E9E06F00060FC73 /* ffversion.h */ = {isa = PBXFileReference; fileEncoding = 4; lastKnownFileType = sourcecode.c.h; path = ffversion.h; sourceTree = "<group>"; };
		C79295FC1E9E06F00060FC73 /* attributes.h */ = {isa = PBXFileReference; fileEncoding = 4; lastKnownFileType = sourcecode.c.h; path = attributes.h; sourceTree = "<group>"; };
		C79295FD1E9E06F00060FC73 /* audio_fifo.h */ = {isa = PBXFileReference; fileEncoding = 4; lastKnownFileType = sourcecode.c.h; path = audio_fifo.h; sourceTree = "<group>"; };
		C79295FE1E9E06F00060FC73 /* avassert.h */ = {isa = PBXFileReference; fileEncoding = 4; lastKnownFileType = sourcecode.c.h; path = avassert.h; sourceTree = "<group>"; };
		C79295FF1E9E06F00060FC73 /* avconfig.h */ = {isa = PBXFileReference; fileEncoding = 4; lastKnownFileType = sourcecode.c.h; path = avconfig.h; sourceTree = "<group>"; };
		C79296001E9E06F00060FC73 /* avstring.h */ = {isa = PBXFileReference; fileEncoding = 4; lastKnownFileType = sourcecode.c.h; path = avstring.h; sourceTree = "<group>"; };
		C79296011E9E06F00060FC73 /* avutil.h */ = {isa = PBXFileReference; fileEncoding = 4; lastKnownFileType = sourcecode.c.h; path = avutil.h; sourceTree = "<group>"; };
		C79296021E9E06F00060FC73 /* base64.h */ = {isa = PBXFileReference; fileEncoding = 4; lastKnownFileType = sourcecode.c.h; path = base64.h; sourceTree = "<group>"; };
		C79296031E9E06F00060FC73 /* blowfish.h */ = {isa = PBXFileReference; fileEncoding = 4; lastKnownFileType = sourcecode.c.h; path = blowfish.h; sourceTree = "<group>"; };
		C79296041E9E06F00060FC73 /* bprint.h */ = {isa = PBXFileReference; fileEncoding = 4; lastKnownFileType = sourcecode.c.h; path = bprint.h; sourceTree = "<group>"; };
		C79296051E9E06F00060FC73 /* bswap.h */ = {isa = PBXFileReference; fileEncoding = 4; lastKnownFileType = sourcecode.c.h; path = bswap.h; sourceTree = "<group>"; };
		C79296061E9E06F00060FC73 /* buffer.h */ = {isa = PBXFileReference; fileEncoding = 4; lastKnownFileType = sourcecode.c.h; path = buffer.h; sourceTree = "<group>"; };
		C79296071E9E06F00060FC73 /* camellia.h */ = {isa = PBXFileReference; fileEncoding = 4; lastKnownFileType = sourcecode.c.h; path = camellia.h; sourceTree = "<group>"; };
		C79296081E9E06F00060FC73 /* cast5.h */ = {isa = PBXFileReference; fileEncoding = 4; lastKnownFileType = sourcecode.c.h; path = cast5.h; sourceTree = "<group>"; };
		C79296091E9E06F00060FC73 /* channel_layout.h */ = {isa = PBXFileReference; fileEncoding = 4; lastKnownFileType = sourcecode.c.h; path = channel_layout.h; sourceTree = "<group>"; };
		C792960A1E9E06F00060FC73 /* common.h */ = {isa = PBXFileReference; fileEncoding = 4; lastKnownFileType = sourcecode.c.h; path = common.h; sourceTree = "<group>"; };
		C792960B1E9E06F00060FC73 /* cpu.h */ = {isa = PBXFileReference; fileEncoding = 4; lastKnownFileType = sourcecode.c.h; path = cpu.h; sourceTree = "<group>"; };
		C792960C1E9E06F00060FC73 /* crc.h */ = {isa = PBXFileReference; fileEncoding = 4; lastKnownFileType = sourcecode.c.h; path = crc.h; sourceTree = "<group>"; };
		C792960D1E9E06F00060FC73 /* des.h */ = {isa = PBXFileReference; fileEncoding = 4; lastKnownFileType = sourcecode.c.h; path = des.h; sourceTree = "<group>"; };
		C792960E1E9E06F00060FC73 /* dict.h */ = {isa = PBXFileReference; fileEncoding = 4; lastKnownFileType = sourcecode.c.h; path = dict.h; sourceTree = "<group>"; };
		C792960F1E9E06F00060FC73 /* display.h */ = {isa = PBXFileReference; fileEncoding = 4; lastKnownFileType = sourcecode.c.h; path = display.h; sourceTree = "<group>"; };
		C79296101E9E06F00060FC73 /* downmix_info.h */ = {isa = PBXFileReference; fileEncoding = 4; lastKnownFileType = sourcecode.c.h; path = downmix_info.h; sourceTree = "<group>"; };
		C79296111E9E06F00060FC73 /* error.h */ = {isa = PBXFileReference; fileEncoding = 4; lastKnownFileType = sourcecode.c.h; path = error.h; sourceTree = "<group>"; };
		C79296121E9E06F00060FC73 /* eval.h */ = {isa = PBXFileReference; fileEncoding = 4; lastKnownFileType = sourcecode.c.h; path = eval.h; sourceTree = "<group>"; };
		C79296131E9E06F00060FC73 /* ffversion.h */ = {isa = PBXFileReference; fileEncoding = 4; lastKnownFileType = sourcecode.c.h; path = ffversion.h; sourceTree = "<group>"; };
		C79296141E9E06F00060FC73 /* fifo.h */ = {isa = PBXFileReference; fileEncoding = 4; lastKnownFileType = sourcecode.c.h; path = fifo.h; sourceTree = "<group>"; };
		C79296151E9E06F00060FC73 /* file.h */ = {isa = PBXFileReference; fileEncoding = 4; lastKnownFileType = sourcecode.c.h; path = file.h; sourceTree = "<group>"; };
		C79296161E9E06F00060FC73 /* frame.h */ = {isa = PBXFileReference; fileEncoding = 4; lastKnownFileType = sourcecode.c.h; path = frame.h; sourceTree = "<group>"; };
		C79296171E9E06F00060FC73 /* hash.h */ = {isa = PBXFileReference; fileEncoding = 4; lastKnownFileType = sourcecode.c.h; path = hash.h; sourceTree = "<group>"; };
		C79296181E9E06F00060FC73 /* hmac.h */ = {isa = PBXFileReference; fileEncoding = 4; lastKnownFileType = sourcecode.c.h; path = hmac.h; sourceTree = "<group>"; };
		C79296191E9E06F00060FC73 /* hwcontext.h */ = {isa = PBXFileReference; fileEncoding = 4; lastKnownFileType = sourcecode.c.h; path = hwcontext.h; sourceTree = "<group>"; };
		C792961A1E9E06F00060FC73 /* hwcontext_cuda.h */ = {isa = PBXFileReference; fileEncoding = 4; lastKnownFileType = sourcecode.c.h; path = hwcontext_cuda.h; sourceTree = "<group>"; };
		C792961B1E9E06F00060FC73 /* hwcontext_dxva2.h */ = {isa = PBXFileReference; fileEncoding = 4; lastKnownFileType = sourcecode.c.h; path = hwcontext_dxva2.h; sourceTree = "<group>"; };
		C792961C1E9E06F00060FC73 /* hwcontext_qsv.h */ = {isa = PBXFileReference; fileEncoding = 4; lastKnownFileType = sourcecode.c.h; path = hwcontext_qsv.h; sourceTree = "<group>"; };
		C792961D1E9E06F00060FC73 /* hwcontext_vaapi.h */ = {isa = PBXFileReference; fileEncoding = 4; lastKnownFileType = sourcecode.c.h; path = hwcontext_vaapi.h; sourceTree = "<group>"; };
		C792961E1E9E06F00060FC73 /* hwcontext_vdpau.h */ = {isa = PBXFileReference; fileEncoding = 4; lastKnownFileType = sourcecode.c.h; path = hwcontext_vdpau.h; sourceTree = "<group>"; };
		C79296201E9E06F00060FC73 /* avconfig.h */ = {isa = PBXFileReference; fileEncoding = 4; lastKnownFileType = sourcecode.c.h; path = avconfig.h; sourceTree = "<group>"; };
		C79296211E9E06F00060FC73 /* ffversion.h */ = {isa = PBXFileReference; fileEncoding = 4; lastKnownFileType = sourcecode.c.h; path = ffversion.h; sourceTree = "<group>"; };
		C79296221E9E06F00060FC73 /* imgutils.h */ = {isa = PBXFileReference; fileEncoding = 4; lastKnownFileType = sourcecode.c.h; path = imgutils.h; sourceTree = "<group>"; };
		C79296231E9E06F00060FC73 /* intfloat.h */ = {isa = PBXFileReference; fileEncoding = 4; lastKnownFileType = sourcecode.c.h; path = intfloat.h; sourceTree = "<group>"; };
		C79296241E9E06F00060FC73 /* intreadwrite.h */ = {isa = PBXFileReference; fileEncoding = 4; lastKnownFileType = sourcecode.c.h; path = intreadwrite.h; sourceTree = "<group>"; };
		C79296251E9E06F00060FC73 /* lfg.h */ = {isa = PBXFileReference; fileEncoding = 4; lastKnownFileType = sourcecode.c.h; path = lfg.h; sourceTree = "<group>"; };
		C79296261E9E06F00060FC73 /* log.h */ = {isa = PBXFileReference; fileEncoding = 4; lastKnownFileType = sourcecode.c.h; path = log.h; sourceTree = "<group>"; };
		C79296271E9E06F00060FC73 /* macros.h */ = {isa = PBXFileReference; fileEncoding = 4; lastKnownFileType = sourcecode.c.h; path = macros.h; sourceTree = "<group>"; };
		C79296281E9E06F00060FC73 /* mastering_display_metadata.h */ = {isa = PBXFileReference; fileEncoding = 4; lastKnownFileType = sourcecode.c.h; path = mastering_display_metadata.h; sourceTree = "<group>"; };
		C79296291E9E06F00060FC73 /* mathematics.h */ = {isa = PBXFileReference; fileEncoding = 4; lastKnownFileType = sourcecode.c.h; path = mathematics.h; sourceTree = "<group>"; };
		C792962A1E9E06F00060FC73 /* md5.h */ = {isa = PBXFileReference; fileEncoding = 4; lastKnownFileType = sourcecode.c.h; path = md5.h; sourceTree = "<group>"; };
		C792962B1E9E06F00060FC73 /* mem.h */ = {isa = PBXFileReference; fileEncoding = 4; lastKnownFileType = sourcecode.c.h; path = mem.h; sourceTree = "<group>"; };
		C792962C1E9E06F00060FC73 /* motion_vector.h */ = {isa = PBXFileReference; fileEncoding = 4; lastKnownFileType = sourcecode.c.h; path = motion_vector.h; sourceTree = "<group>"; };
		C792962D1E9E06F00060FC73 /* murmur3.h */ = {isa = PBXFileReference; fileEncoding = 4; lastKnownFileType = sourcecode.c.h; path = murmur3.h; sourceTree = "<group>"; };
		C792962E1E9E06F00060FC73 /* opt.h */ = {isa = PBXFileReference; fileEncoding = 4; lastKnownFileType = sourcecode.c.h; path = opt.h; sourceTree = "<group>"; };
		C792962F1E9E06F00060FC73 /* parseutils.h */ = {isa = PBXFileReference; fileEncoding = 4; lastKnownFileType = sourcecode.c.h; path = parseutils.h; sourceTree = "<group>"; };
		C79296301E9E06F00060FC73 /* pixdesc.h */ = {isa = PBXFileReference; fileEncoding = 4; lastKnownFileType = sourcecode.c.h; path = pixdesc.h; sourceTree = "<group>"; };
		C79296311E9E06F00060FC73 /* pixelutils.h */ = {isa = PBXFileReference; fileEncoding = 4; lastKnownFileType = sourcecode.c.h; path = pixelutils.h; sourceTree = "<group>"; };
		C79296321E9E06F00060FC73 /* pixfmt.h */ = {isa = PBXFileReference; fileEncoding = 4; lastKnownFileType = sourcecode.c.h; path = pixfmt.h; sourceTree = "<group>"; };
		C79296331E9E06F00060FC73 /* random_seed.h */ = {isa = PBXFileReference; fileEncoding = 4; lastKnownFileType = sourcecode.c.h; path = random_seed.h; sourceTree = "<group>"; };
		C79296341E9E06F00060FC73 /* rational.h */ = {isa = PBXFileReference; fileEncoding = 4; lastKnownFileType = sourcecode.c.h; path = rational.h; sourceTree = "<group>"; };
		C79296351E9E06F00060FC73 /* rc4.h */ = {isa = PBXFileReference; fileEncoding = 4; lastKnownFileType = sourcecode.c.h; path = rc4.h; sourceTree = "<group>"; };
		C79296361E9E06F00060FC73 /* replaygain.h */ = {isa = PBXFileReference; fileEncoding = 4; lastKnownFileType = sourcecode.c.h; path = replaygain.h; sourceTree = "<group>"; };
		C79296371E9E06F00060FC73 /* ripemd.h */ = {isa = PBXFileReference; fileEncoding = 4; lastKnownFileType = sourcecode.c.h; path = ripemd.h; sourceTree = "<group>"; };
		C79296381E9E06F00060FC73 /* samplefmt.h */ = {isa = PBXFileReference; fileEncoding = 4; lastKnownFileType = sourcecode.c.h; path = samplefmt.h; sourceTree = "<group>"; };
		C79296391E9E06F00060FC73 /* sha.h */ = {isa = PBXFileReference; fileEncoding = 4; lastKnownFileType = sourcecode.c.h; path = sha.h; sourceTree = "<group>"; };
		C792963A1E9E06F00060FC73 /* sha512.h */ = {isa = PBXFileReference; fileEncoding = 4; lastKnownFileType = sourcecode.c.h; path = sha512.h; sourceTree = "<group>"; };
		C792963B1E9E06F00060FC73 /* stereo3d.h */ = {isa = PBXFileReference; fileEncoding = 4; lastKnownFileType = sourcecode.c.h; path = stereo3d.h; sourceTree = "<group>"; };
		C792963C1E9E06F00060FC73 /* tea.h */ = {isa = PBXFileReference; fileEncoding = 4; lastKnownFileType = sourcecode.c.h; path = tea.h; sourceTree = "<group>"; };
		C792963D1E9E06F00060FC73 /* thread.h */ = {isa = PBXFileReference; fileEncoding = 4; lastKnownFileType = sourcecode.c.h; path = thread.h; sourceTree = "<group>"; };
		C792963E1E9E06F00060FC73 /* threadmessage.h */ = {isa = PBXFileReference; fileEncoding = 4; lastKnownFileType = sourcecode.c.h; path = threadmessage.h; sourceTree = "<group>"; };
		C792963F1E9E06F00060FC73 /* time.h */ = {isa = PBXFileReference; fileEncoding = 4; lastKnownFileType = sourcecode.c.h; path = time.h; sourceTree = "<group>"; };
		C79296401E9E06F00060FC73 /* timecode.h */ = {isa = PBXFileReference; fileEncoding = 4; lastKnownFileType = sourcecode.c.h; path = timecode.h; sourceTree = "<group>"; };
		C79296411E9E06F00060FC73 /* timestamp.h */ = {isa = PBXFileReference; fileEncoding = 4; lastKnownFileType = sourcecode.c.h; path = timestamp.h; sourceTree = "<group>"; };
		C79296421E9E06F00060FC73 /* tree.h */ = {isa = PBXFileReference; fileEncoding = 4; lastKnownFileType = sourcecode.c.h; path = tree.h; sourceTree = "<group>"; };
		C79296431E9E06F00060FC73 /* twofish.h */ = {isa = PBXFileReference; fileEncoding = 4; lastKnownFileType = sourcecode.c.h; path = twofish.h; sourceTree = "<group>"; };
		C79296441E9E06F00060FC73 /* version.h */ = {isa = PBXFileReference; fileEncoding = 4; lastKnownFileType = sourcecode.c.h; path = version.h; sourceTree = "<group>"; };
		C79296461E9E06F00060FC73 /* avconfig.h */ = {isa = PBXFileReference; fileEncoding = 4; lastKnownFileType = sourcecode.c.h; path = avconfig.h; sourceTree = "<group>"; };
		C79296471E9E06F00060FC73 /* ffversion.h */ = {isa = PBXFileReference; fileEncoding = 4; lastKnownFileType = sourcecode.c.h; path = ffversion.h; sourceTree = "<group>"; };
		C79296481E9E06F00060FC73 /* xtea.h */ = {isa = PBXFileReference; fileEncoding = 4; lastKnownFileType = sourcecode.c.h; path = xtea.h; sourceTree = "<group>"; };
		C792964B1E9E06F00060FC73 /* config.h */ = {isa = PBXFileReference; fileEncoding = 4; lastKnownFileType = sourcecode.c.h; path = config.h; sourceTree = "<group>"; };
		C792964D1E9E06F00060FC73 /* config.h */ = {isa = PBXFileReference; fileEncoding = 4; lastKnownFileType = sourcecode.c.h; path = config.h; sourceTree = "<group>"; };
		C792964E1E9E06F00060FC73 /* config.h */ = {isa = PBXFileReference; fileEncoding = 4; lastKnownFileType = sourcecode.c.h; path = config.h; sourceTree = "<group>"; };
		C79296501E9E06F00060FC73 /* config.h */ = {isa = PBXFileReference; fileEncoding = 4; lastKnownFileType = sourcecode.c.h; path = config.h; sourceTree = "<group>"; };
		C79296521E9E06F00060FC73 /* config.h */ = {isa = PBXFileReference; fileEncoding = 4; lastKnownFileType = sourcecode.c.h; path = config.h; sourceTree = "<group>"; };
		C79296541E9E06F00060FC73 /* swresample.h */ = {isa = PBXFileReference; fileEncoding = 4; lastKnownFileType = sourcecode.c.h; path = swresample.h; sourceTree = "<group>"; };
		C79296551E9E06F00060FC73 /* version.h */ = {isa = PBXFileReference; fileEncoding = 4; lastKnownFileType = sourcecode.c.h; path = version.h; sourceTree = "<group>"; };
		C79296571E9E06F00060FC73 /* swscale.h */ = {isa = PBXFileReference; fileEncoding = 4; lastKnownFileType = sourcecode.c.h; path = swscale.h; sourceTree = "<group>"; };
		C79296581E9E06F00060FC73 /* version.h */ = {isa = PBXFileReference; fileEncoding = 4; lastKnownFileType = sourcecode.c.h; path = version.h; sourceTree = "<group>"; };
		C792965A1E9E06F00060FC73 /* libavcodec.a */ = {isa = PBXFileReference; lastKnownFileType = archive.ar; path = libavcodec.a; sourceTree = "<group>"; };
		C792965B1E9E06F00060FC73 /* libavfilter.a */ = {isa = PBXFileReference; lastKnownFileType = archive.ar; path = libavfilter.a; sourceTree = "<group>"; };
		C792965C1E9E06F00060FC73 /* libavformat.a */ = {isa = PBXFileReference; lastKnownFileType = archive.ar; path = libavformat.a; sourceTree = "<group>"; };
		C792965D1E9E06F00060FC73 /* libavutil.a */ = {isa = PBXFileReference; lastKnownFileType = archive.ar; path = libavutil.a; sourceTree = "<group>"; };
		C792965E1E9E06F00060FC73 /* libswresample.a */ = {isa = PBXFileReference; lastKnownFileType = archive.ar; path = libswresample.a; sourceTree = "<group>"; };
		C792965F1E9E06F00060FC73 /* libswscale.a */ = {isa = PBXFileReference; lastKnownFileType = archive.ar; path = libswscale.a; sourceTree = "<group>"; };
		C7A33EED1E54491B0009768F /* MHomeViewController.h */ = {isa = PBXFileReference; fileEncoding = 4; lastKnownFileType = sourcecode.c.h; path = MHomeViewController.h; sourceTree = "<group>"; };
		C7A33EEE1E54491B0009768F /* MHomeViewController.m */ = {isa = PBXFileReference; fileEncoding = 4; lastKnownFileType = sourcecode.c.objc; path = MHomeViewController.m; sourceTree = "<group>"; };
		C7A33EF31E544F160009768F /* NewPlayerViewController.h */ = {isa = PBXFileReference; fileEncoding = 4; lastKnownFileType = sourcecode.c.h; path = NewPlayerViewController.h; sourceTree = "<group>"; };
		C7A33EF41E544F160009768F /* NewPlayerViewController.m */ = {isa = PBXFileReference; fileEncoding = 4; lastKnownFileType = sourcecode.c.objc; path = NewPlayerViewController.m; sourceTree = "<group>"; };
		C7A33EF71E544FE00009768F /* KxAudioManager.h */ = {isa = PBXFileReference; fileEncoding = 4; lastKnownFileType = sourcecode.c.h; path = KxAudioManager.h; sourceTree = "<group>"; };
		C7A33EF81E544FE00009768F /* KxAudioManager.m */ = {isa = PBXFileReference; fileEncoding = 4; lastKnownFileType = sourcecode.c.objc; path = KxAudioManager.m; sourceTree = "<group>"; };
		C7A33EF91E544FE00009768F /* KxLogger.h */ = {isa = PBXFileReference; fileEncoding = 4; lastKnownFileType = sourcecode.c.h; path = KxLogger.h; sourceTree = "<group>"; };
		C7A33EFA1E544FE00009768F /* kxmovie-Prefix.pch */ = {isa = PBXFileReference; fileEncoding = 4; lastKnownFileType = sourcecode.c.h; path = "kxmovie-Prefix.pch"; sourceTree = "<group>"; };
		C7A33EFB1E544FE00009768F /* kxmovie.bundle */ = {isa = PBXFileReference; lastKnownFileType = "wrapper.plug-in"; path = kxmovie.bundle; sourceTree = "<group>"; };
		C7A33EFC1E544FE00009768F /* KxMovieDecoder.h */ = {isa = PBXFileReference; fileEncoding = 4; lastKnownFileType = sourcecode.c.h; path = KxMovieDecoder.h; sourceTree = "<group>"; };
		C7A33EFD1E544FE00009768F /* KxMovieDecoder.m */ = {isa = PBXFileReference; fileEncoding = 4; lastKnownFileType = sourcecode.c.objc; path = KxMovieDecoder.m; sourceTree = "<group>"; };
		C7A33EFE1E544FE00009768F /* KxMovieGLView.h */ = {isa = PBXFileReference; fileEncoding = 4; lastKnownFileType = sourcecode.c.h; path = KxMovieGLView.h; sourceTree = "<group>"; };
		C7A33EFF1E544FE00009768F /* KxMovieGLView.m */ = {isa = PBXFileReference; fileEncoding = 4; lastKnownFileType = sourcecode.c.objc; path = KxMovieGLView.m; sourceTree = "<group>"; };
		C7A33F001E544FE00009768F /* KxMovieViewController.h */ = {isa = PBXFileReference; fileEncoding = 4; lastKnownFileType = sourcecode.c.h; path = KxMovieViewController.h; sourceTree = "<group>"; };
		C7A33F011E544FE00009768F /* KxMovieViewController.m */ = {isa = PBXFileReference; fileEncoding = 4; lastKnownFileType = sourcecode.c.objc; path = KxMovieViewController.m; sourceTree = "<group>"; };
		C7A33F071E5450070009768F /* UIKit.framework */ = {isa = PBXFileReference; lastKnownFileType = wrapper.framework; name = UIKit.framework; path = System/Library/Frameworks/UIKit.framework; sourceTree = SDKROOT; };
		C7A33F091E5450530009768F /* MVideo-Pre.pch */ = {isa = PBXFileReference; fileEncoding = 4; lastKnownFileType = sourcecode.c.h; path = "MVideo-Pre.pch"; sourceTree = "<group>"; };
		C7A33F0A1E54549A0009768F /* ListTableViewCell.h */ = {isa = PBXFileReference; fileEncoding = 4; lastKnownFileType = sourcecode.c.h; path = ListTableViewCell.h; sourceTree = "<group>"; };
		C7A33F0B1E54549A0009768F /* ListTableViewCell.m */ = {isa = PBXFileReference; fileEncoding = 4; lastKnownFileType = sourcecode.c.objc; path = ListTableViewCell.m; sourceTree = "<group>"; };
		C7CD070A1E5AB04C007A2F21 /* VideoToolbox.framework */ = {isa = PBXFileReference; lastKnownFileType = wrapper.framework; name = VideoToolbox.framework; path = System/Library/Frameworks/VideoToolbox.framework; sourceTree = SDKROOT; };
		C7CD070C1E5AB10D007A2F21 /* libz.1.2.5.tbd */ = {isa = PBXFileReference; lastKnownFileType = "sourcecode.text-based-dylib-definition"; name = libz.1.2.5.tbd; path = usr/lib/libz.1.2.5.tbd; sourceTree = SDKROOT; };
/* End PBXFileReference section */

/* Begin PBXFrameworksBuildPhase section */
		4F16F38C1D15926800E8B25D /* Frameworks */ = {
			isa = PBXFrameworksBuildPhase;
			buildActionMask = 2147483647;
			files = (
				C79296631E9E06F00060FC73 /* libavutil.a in Frameworks */,
				C7CD070D1E5AB10D007A2F21 /* libz.1.2.5.tbd in Frameworks */,
				C79296651E9E06F00060FC73 /* libswscale.a in Frameworks */,
				C7CD070B1E5AB04C007A2F21 /* VideoToolbox.framework in Frameworks */,
				C7A33F081E5450070009768F /* UIKit.framework in Frameworks */,
				C79296621E9E06F00060FC73 /* libavformat.a in Frameworks */,
				C79296611E9E06F00060FC73 /* libavfilter.a in Frameworks */,
				C79296641E9E06F00060FC73 /* libswresample.a in Frameworks */,
				C73926EC1D1D2FAD00C93A12 /* AVKit.framework in Frameworks */,
				7D872EDCA83C4A42043A7C99 /* libPods-MVideo.a in Frameworks */,
				C79296601E9E06F00060FC73 /* libavcodec.a in Frameworks */,
			);
			runOnlyForDeploymentPostprocessing = 0;
		};
/* End PBXFrameworksBuildPhase section */

/* Begin PBXGroup section */
		4276F6AEEB775FFC413ECEE4 /* Pods */ = {
			isa = PBXGroup;
			children = (
				456BAC7CC6557EA39F023529 /* Pods-MVideo.debug.xcconfig */,
				1FFC45E0305C9DC90791AED1 /* Pods-MVideo.release.xcconfig */,
			);
			name = Pods;
			sourceTree = "<group>";
		};
		4F16F3861D15926800E8B25D = {
			isa = PBXGroup;
			children = (
				4F16F3911D15926800E8B25D /* MVideo */,
				4F16F3901D15926800E8B25D /* Products */,
				4276F6AEEB775FFC413ECEE4 /* Pods */,
				E3D7921AC30277C0E3D00926 /* Frameworks */,
			);
			sourceTree = "<group>";
		};
		4F16F3901D15926800E8B25D /* Products */ = {
			isa = PBXGroup;
			children = (
				4F16F38F1D15926800E8B25D /* MVideo.app */,
			);
			name = Products;
			sourceTree = "<group>";
		};
		4F16F3911D15926800E8B25D /* MVideo */ = {
			isa = PBXGroup;
			children = (
				4F16F3951D15926800E8B25D /* AppDelegate.h */,
				4F16F3961D15926800E8B25D /* AppDelegate.m */,
				C7A33EED1E54491B0009768F /* MHomeViewController.h */,
				C7A33EEE1E54491B0009768F /* MHomeViewController.m */,
				4F16F3981D15926800E8B25D /* ListViewController.h */,
				4F16F3991D15926800E8B25D /* ListViewController.m */,
				C7A33F0A1E54549A0009768F /* ListTableViewCell.h */,
				C7A33F0B1E54549A0009768F /* ListTableViewCell.m */,
				4F3AF59D1E61273300CEE308 /* MNavigationController.h */,
				4F3AF59E1E61273300CEE308 /* MNavigationController.m */,
				C7A33EF31E544F160009768F /* NewPlayerViewController.h */,
				C7A33EF41E544F160009768F /* NewPlayerViewController.m */,
				C73892F81E644E0F0044C969 /* MMovieModel.h */,
				C73892F91E644E0F0044C969 /* MMovieModel.m */,
				C73005C41E5ACB700044DE4E /* 3rParty */,
				C7A33EF01E544B750009768F /* Resouce */,
				4F16F39B1D15926800E8B25D /* Main.storyboard */,
				4F16F39E1D15926800E8B25D /* Assets.xcassets */,
				4F16F3A01D15926800E8B25D /* LaunchScreen.storyboard */,
				4F16F3A31D15926800E8B25D /* Info.plist */,
				4F16F3921D15926800E8B25D /* Supporting Files */,
			);
			path = MVideo;
			sourceTree = "<group>";
		};
		4F16F3921D15926800E8B25D /* Supporting Files */ = {
			isa = PBXGroup;
			children = (
				4F16F3931D15926800E8B25D /* main.m */,
				C7A33F091E5450530009768F /* MVideo-Pre.pch */,
			);
			name = "Supporting Files";
			sourceTree = "<group>";
		};
		C73005C41E5ACB700044DE4E /* 3rParty */ = {
			isa = PBXGroup;
			children = (
				C79295D01E9E06F00060FC73 /* FFmpeg */,
				C7A33EF61E544FE00009768F /* kxmovie */,
			);
			name = 3rParty;
			sourceTree = "<group>";
		};
		C79295D01E9E06F00060FC73 /* FFmpeg */ = {
			isa = PBXGroup;
			children = (
				C79295D11E9E06F00060FC73 /* include */,
				C79296591E9E06F00060FC73 /* lib */,
			);
			path = FFmpeg;
			sourceTree = SOURCE_ROOT;
		};
		C79295D11E9E06F00060FC73 /* include */ = {
			isa = PBXGroup;
			children = (
				C79295D21E9E06F00060FC73 /* libavcodec */,
				C79295E41E9E06F00060FC73 /* libavfilter */,
				C79295EA1E9E06F00060FC73 /* libavformat */,
				C79295F11E9E06F00060FC73 /* libavutil */,
				C79296491E9E06F00060FC73 /* libffmpeg */,
				C79296531E9E06F00060FC73 /* libswresample */,
				C79296561E9E06F00060FC73 /* libswscale */,
			);
			path = include;
			sourceTree = "<group>";
		};
		C79295D21E9E06F00060FC73 /* libavcodec */ = {
			isa = PBXGroup;
			children = (
				C79295D31E9E06F00060FC73 /* avcodec.h */,
				C79295D41E9E06F00060FC73 /* avdct.h */,
				C79295D51E9E06F00060FC73 /* avfft.h */,
				C79295D61E9E06F00060FC73 /* d3d11va.h */,
				C79295D71E9E06F00060FC73 /* dirac.h */,
				C79295D81E9E06F00060FC73 /* dv_profile.h */,
				C79295D91E9E06F00060FC73 /* dxva2.h */,
				C79295DA1E9E06F00060FC73 /* jni.h */,
				C79295DB1E9E06F00060FC73 /* mediacodec.h */,
				C79295DC1E9E06F00060FC73 /* qsv.h */,
				C79295DD1E9E06F00060FC73 /* vaapi.h */,
				C79295DE1E9E06F00060FC73 /* vda.h */,
				C79295DF1E9E06F00060FC73 /* vdpau.h */,
				C79295E01E9E06F00060FC73 /* version.h */,
				C79295E11E9E06F00060FC73 /* videotoolbox.h */,
				C79295E21E9E06F00060FC73 /* vorbis_parser.h */,
				C79295E31E9E06F00060FC73 /* xvmc.h */,
			);
			path = libavcodec;
			sourceTree = "<group>";
		};
		C79295E41E9E06F00060FC73 /* libavfilter */ = {
			isa = PBXGroup;
			children = (
				C79295E51E9E06F00060FC73 /* avfilter.h */,
				C79295E61E9E06F00060FC73 /* avfiltergraph.h */,
				C79295E71E9E06F00060FC73 /* buffersink.h */,
				C79295E81E9E06F00060FC73 /* buffersrc.h */,
				C79295E91E9E06F00060FC73 /* version.h */,
			);
			path = libavfilter;
			sourceTree = "<group>";
		};
		C79295EA1E9E06F00060FC73 /* libavformat */ = {
			isa = PBXGroup;
			children = (
				C79295EB1E9E06F00060FC73 /* avc.h */,
				C79295EC1E9E06F00060FC73 /* avformat.h */,
				C79295ED1E9E06F00060FC73 /* avio.h */,
				C79295EE1E9E06F00060FC73 /* internal.h */,
				C79295EF1E9E06F00060FC73 /* url.h */,
				C79295F01E9E06F00060FC73 /* version.h */,
			);
			path = libavformat;
			sourceTree = "<group>";
		};
		C79295F11E9E06F00060FC73 /* libavutil */ = {
			isa = PBXGroup;
			children = (
				C79295F21E9E06F00060FC73 /* adler32.h */,
				C79295F31E9E06F00060FC73 /* aes.h */,
				C79295F41E9E06F00060FC73 /* aes_ctr.h */,
				C79295F51E9E06F00060FC73 /* application.h */,
				C79295F61E9E06F00060FC73 /* arm64 */,
				C79295F91E9E06F00060FC73 /* armv7 */,
				C79295FC1E9E06F00060FC73 /* attributes.h */,
				C79295FD1E9E06F00060FC73 /* audio_fifo.h */,
				C79295FE1E9E06F00060FC73 /* avassert.h */,
				C79295FF1E9E06F00060FC73 /* avconfig.h */,
				C79296001E9E06F00060FC73 /* avstring.h */,
				C79296011E9E06F00060FC73 /* avutil.h */,
				C79296021E9E06F00060FC73 /* base64.h */,
				C79296031E9E06F00060FC73 /* blowfish.h */,
				C79296041E9E06F00060FC73 /* bprint.h */,
				C79296051E9E06F00060FC73 /* bswap.h */,
				C79296061E9E06F00060FC73 /* buffer.h */,
				C79296071E9E06F00060FC73 /* camellia.h */,
				C79296081E9E06F00060FC73 /* cast5.h */,
				C79296091E9E06F00060FC73 /* channel_layout.h */,
				C792960A1E9E06F00060FC73 /* common.h */,
				C792960B1E9E06F00060FC73 /* cpu.h */,
				C792960C1E9E06F00060FC73 /* crc.h */,
				C792960D1E9E06F00060FC73 /* des.h */,
				C792960E1E9E06F00060FC73 /* dict.h */,
				C792960F1E9E06F00060FC73 /* display.h */,
				C79296101E9E06F00060FC73 /* downmix_info.h */,
				C79296111E9E06F00060FC73 /* error.h */,
				C79296121E9E06F00060FC73 /* eval.h */,
				C79296131E9E06F00060FC73 /* ffversion.h */,
				C79296141E9E06F00060FC73 /* fifo.h */,
				C79296151E9E06F00060FC73 /* file.h */,
				C79296161E9E06F00060FC73 /* frame.h */,
				C79296171E9E06F00060FC73 /* hash.h */,
				C79296181E9E06F00060FC73 /* hmac.h */,
				C79296191E9E06F00060FC73 /* hwcontext.h */,
				C792961A1E9E06F00060FC73 /* hwcontext_cuda.h */,
				C792961B1E9E06F00060FC73 /* hwcontext_dxva2.h */,
				C792961C1E9E06F00060FC73 /* hwcontext_qsv.h */,
				C792961D1E9E06F00060FC73 /* hwcontext_vaapi.h */,
				C792961E1E9E06F00060FC73 /* hwcontext_vdpau.h */,
				C792961F1E9E06F00060FC73 /* i386 */,
				C79296221E9E06F00060FC73 /* imgutils.h */,
				C79296231E9E06F00060FC73 /* intfloat.h */,
				C79296241E9E06F00060FC73 /* intreadwrite.h */,
				C79296251E9E06F00060FC73 /* lfg.h */,
				C79296261E9E06F00060FC73 /* log.h */,
				C79296271E9E06F00060FC73 /* macros.h */,
				C79296281E9E06F00060FC73 /* mastering_display_metadata.h */,
				C79296291E9E06F00060FC73 /* mathematics.h */,
				C792962A1E9E06F00060FC73 /* md5.h */,
				C792962B1E9E06F00060FC73 /* mem.h */,
				C792962C1E9E06F00060FC73 /* motion_vector.h */,
				C792962D1E9E06F00060FC73 /* murmur3.h */,
				C792962E1E9E06F00060FC73 /* opt.h */,
				C792962F1E9E06F00060FC73 /* parseutils.h */,
				C79296301E9E06F00060FC73 /* pixdesc.h */,
				C79296311E9E06F00060FC73 /* pixelutils.h */,
				C79296321E9E06F00060FC73 /* pixfmt.h */,
				C79296331E9E06F00060FC73 /* random_seed.h */,
				C79296341E9E06F00060FC73 /* rational.h */,
				C79296351E9E06F00060FC73 /* rc4.h */,
				C79296361E9E06F00060FC73 /* replaygain.h */,
				C79296371E9E06F00060FC73 /* ripemd.h */,
				C79296381E9E06F00060FC73 /* samplefmt.h */,
				C79296391E9E06F00060FC73 /* sha.h */,
				C792963A1E9E06F00060FC73 /* sha512.h */,
				C792963B1E9E06F00060FC73 /* stereo3d.h */,
				C792963C1E9E06F00060FC73 /* tea.h */,
				C792963D1E9E06F00060FC73 /* thread.h */,
				C792963E1E9E06F00060FC73 /* threadmessage.h */,
				C792963F1E9E06F00060FC73 /* time.h */,
				C79296401E9E06F00060FC73 /* timecode.h */,
				C79296411E9E06F00060FC73 /* timestamp.h */,
				C79296421E9E06F00060FC73 /* tree.h */,
				C79296431E9E06F00060FC73 /* twofish.h */,
				C79296441E9E06F00060FC73 /* version.h */,
				C79296451E9E06F00060FC73 /* x86_64 */,
				C79296481E9E06F00060FC73 /* xtea.h */,
			);
			path = libavutil;
			sourceTree = "<group>";
		};
		C79295F61E9E06F00060FC73 /* arm64 */ = {
			isa = PBXGroup;
			children = (
				C79295F71E9E06F00060FC73 /* avconfig.h */,
				C79295F81E9E06F00060FC73 /* ffversion.h */,
			);
			path = arm64;
			sourceTree = "<group>";
		};
		C79295F91E9E06F00060FC73 /* armv7 */ = {
			isa = PBXGroup;
			children = (
				C79295FA1E9E06F00060FC73 /* avconfig.h */,
				C79295FB1E9E06F00060FC73 /* ffversion.h */,
			);
			path = armv7;
			sourceTree = "<group>";
		};
		C792961F1E9E06F00060FC73 /* i386 */ = {
			isa = PBXGroup;
			children = (
				C79296201E9E06F00060FC73 /* avconfig.h */,
				C79296211E9E06F00060FC73 /* ffversion.h */,
			);
			path = i386;
			sourceTree = "<group>";
		};
		C79296451E9E06F00060FC73 /* x86_64 */ = {
			isa = PBXGroup;
			children = (
				C79296461E9E06F00060FC73 /* avconfig.h */,
				C79296471E9E06F00060FC73 /* ffversion.h */,
			);
			path = x86_64;
			sourceTree = "<group>";
		};
		C79296491E9E06F00060FC73 /* libffmpeg */ = {
			isa = PBXGroup;
			children = (
				C792964A1E9E06F00060FC73 /* arm64 */,
				C792964C1E9E06F00060FC73 /* armv7 */,
				C792964E1E9E06F00060FC73 /* config.h */,
				C792964F1E9E06F00060FC73 /* i386 */,
				C79296511E9E06F00060FC73 /* x86_64 */,
			);
			path = libffmpeg;
			sourceTree = "<group>";
		};
		C792964A1E9E06F00060FC73 /* arm64 */ = {
			isa = PBXGroup;
			children = (
				C792964B1E9E06F00060FC73 /* config.h */,
			);
			path = arm64;
			sourceTree = "<group>";
		};
		C792964C1E9E06F00060FC73 /* armv7 */ = {
			isa = PBXGroup;
			children = (
				C792964D1E9E06F00060FC73 /* config.h */,
			);
			path = armv7;
			sourceTree = "<group>";
		};
		C792964F1E9E06F00060FC73 /* i386 */ = {
			isa = PBXGroup;
			children = (
				C79296501E9E06F00060FC73 /* config.h */,
			);
			path = i386;
			sourceTree = "<group>";
		};
		C79296511E9E06F00060FC73 /* x86_64 */ = {
			isa = PBXGroup;
			children = (
				C79296521E9E06F00060FC73 /* config.h */,
			);
			path = x86_64;
			sourceTree = "<group>";
		};
		C79296531E9E06F00060FC73 /* libswresample */ = {
			isa = PBXGroup;
			children = (
				C79296541E9E06F00060FC73 /* swresample.h */,
				C79296551E9E06F00060FC73 /* version.h */,
			);
			path = libswresample;
			sourceTree = "<group>";
		};
		C79296561E9E06F00060FC73 /* libswscale */ = {
			isa = PBXGroup;
			children = (
				C79296571E9E06F00060FC73 /* swscale.h */,
				C79296581E9E06F00060FC73 /* version.h */,
			);
			path = libswscale;
			sourceTree = "<group>";
		};
		C79296591E9E06F00060FC73 /* lib */ = {
			isa = PBXGroup;
			children = (
				C792965A1E9E06F00060FC73 /* libavcodec.a */,
				C792965B1E9E06F00060FC73 /* libavfilter.a */,
				C792965C1E9E06F00060FC73 /* libavformat.a */,
				C792965D1E9E06F00060FC73 /* libavutil.a */,
				C792965E1E9E06F00060FC73 /* libswresample.a */,
				C792965F1E9E06F00060FC73 /* libswscale.a */,
			);
			path = lib;
			sourceTree = "<group>";
		};
		C7A33EF01E544B750009768F /* Resouce */ = {
			isa = PBXGroup;
			children = (
				C78928521E7D2DB800C65069 /* 直播列表1.txt */,
			);
			name = Resouce;
			sourceTree = "<group>";
		};
		C7A33EF61E544FE00009768F /* kxmovie */ = {
			isa = PBXGroup;
			children = (
				C7A33EF71E544FE00009768F /* KxAudioManager.h */,
				C7A33EF81E544FE00009768F /* KxAudioManager.m */,
				C7A33EF91E544FE00009768F /* KxLogger.h */,
				C7A33EFA1E544FE00009768F /* kxmovie-Prefix.pch */,
				C7A33EFC1E544FE00009768F /* KxMovieDecoder.h */,
				C7A33EFD1E544FE00009768F /* KxMovieDecoder.m */,
				C7A33EFE1E544FE00009768F /* KxMovieGLView.h */,
				C7A33EFF1E544FE00009768F /* KxMovieGLView.m */,
				C7A33F001E544FE00009768F /* KxMovieViewController.h */,
				C7A33F011E544FE00009768F /* KxMovieViewController.m */,
				C7A33EFB1E544FE00009768F /* kxmovie.bundle */,
			);
			path = kxmovie;
			sourceTree = "<group>";
		};
		E3D7921AC30277C0E3D00926 /* Frameworks */ = {
			isa = PBXGroup;
			children = (
				C7CD070C1E5AB10D007A2F21 /* libz.1.2.5.tbd */,
				C7CD070A1E5AB04C007A2F21 /* VideoToolbox.framework */,
				C73926EB1D1D2FAD00C93A12 /* AVKit.framework */,
				C7A33F071E5450070009768F /* UIKit.framework */,
				555C6A4F7C914B4153854619 /* libPods-MVideo.a */,
			);
			name = Frameworks;
			sourceTree = "<group>";
		};
/* End PBXGroup section */

/* Begin PBXNativeTarget section */
		4F16F38E1D15926800E8B25D /* MVideo */ = {
			isa = PBXNativeTarget;
			buildConfigurationList = 4F16F3A61D15926800E8B25D /* Build configuration list for PBXNativeTarget "MVideo" */;
			buildPhases = (
				F97F3CACD655DA69E4F9BED3 /* [CP] Check Pods Manifest.lock */,
				4F16F38B1D15926800E8B25D /* Sources */,
				4F16F38C1D15926800E8B25D /* Frameworks */,
				4F16F38D1D15926800E8B25D /* Resources */,
				AB0855775640C5F14954E2D7 /* [CP] Embed Pods Frameworks */,
				9E06F77112723F291207BF14 /* [CP] Copy Pods Resources */,
			);
			buildRules = (
			);
			dependencies = (
			);
			name = MVideo;
			productName = MVideo;
			productReference = 4F16F38F1D15926800E8B25D /* MVideo.app */;
			productType = "com.apple.product-type.application";
		};
/* End PBXNativeTarget section */

/* Begin PBXProject section */
		4F16F3871D15926800E8B25D /* Project object */ = {
			isa = PBXProject;
			attributes = {
				LastUpgradeCheck = 0820;
				ORGANIZATIONNAME = LHL;
				TargetAttributes = {
					4F16F38E1D15926800E8B25D = {
						CreatedOnToolsVersion = 7.2;
						DevelopmentTeam = 4AW78593E8;
						ProvisioningStyle = Manual;
						SystemCapabilities = {
							com.apple.BackgroundModes = {
								enabled = 1;
							};
						};
					};
				};
			};
			buildConfigurationList = 4F16F38A1D15926800E8B25D /* Build configuration list for PBXProject "MVideo" */;
			compatibilityVersion = "Xcode 3.2";
			developmentRegion = English;
			hasScannedForEncodings = 0;
			knownRegions = (
				en,
				Base,
			);
			mainGroup = 4F16F3861D15926800E8B25D;
			productRefGroup = 4F16F3901D15926800E8B25D /* Products */;
			projectDirPath = "";
			projectRoot = "";
			targets = (
				4F16F38E1D15926800E8B25D /* MVideo */,
			);
		};
/* End PBXProject section */

/* Begin PBXResourcesBuildPhase section */
		4F16F38D1D15926800E8B25D /* Resources */ = {
			isa = PBXResourcesBuildPhase;
			buildActionMask = 2147483647;
			files = (
				C7A33F031E544FE00009768F /* kxmovie.bundle in Resources */,
				4F16F3A21D15926800E8B25D /* LaunchScreen.storyboard in Resources */,
				4F16F39F1D15926800E8B25D /* Assets.xcassets in Resources */,
				4F16F39D1D15926800E8B25D /* Main.storyboard in Resources */,
				C78928531E7D2DB800C65069 /* 直播列表1.txt in Resources */,
			);
			runOnlyForDeploymentPostprocessing = 0;
		};
/* End PBXResourcesBuildPhase section */

/* Begin PBXShellScriptBuildPhase section */
		9E06F77112723F291207BF14 /* [CP] Copy Pods Resources */ = {
			isa = PBXShellScriptBuildPhase;
			buildActionMask = 2147483647;
			files = (
			);
			inputPaths = (
			);
			name = "[CP] Copy Pods Resources";
			outputPaths = (
			);
			runOnlyForDeploymentPostprocessing = 0;
			shellPath = /bin/sh;
			shellScript = "\"${SRCROOT}/Pods/Target Support Files/Pods-MVideo/Pods-MVideo-resources.sh\"\n";
			showEnvVarsInLog = 0;
		};
		AB0855775640C5F14954E2D7 /* [CP] Embed Pods Frameworks */ = {
			isa = PBXShellScriptBuildPhase;
			buildActionMask = 2147483647;
			files = (
			);
			inputPaths = (
			);
			name = "[CP] Embed Pods Frameworks";
			outputPaths = (
			);
			runOnlyForDeploymentPostprocessing = 0;
			shellPath = /bin/sh;
			shellScript = "\"${SRCROOT}/Pods/Target Support Files/Pods-MVideo/Pods-MVideo-frameworks.sh\"\n";
			showEnvVarsInLog = 0;
		};
		F97F3CACD655DA69E4F9BED3 /* [CP] Check Pods Manifest.lock */ = {
			isa = PBXShellScriptBuildPhase;
			buildActionMask = 2147483647;
			files = (
			);
			inputPaths = (
			);
			name = "[CP] Check Pods Manifest.lock";
			outputPaths = (
			);
			runOnlyForDeploymentPostprocessing = 0;
			shellPath = /bin/sh;
			shellScript = "diff \"${PODS_ROOT}/../Podfile.lock\" \"${PODS_ROOT}/Manifest.lock\" > /dev/null\nif [ $? != 0 ] ; then\n    # print error to STDERR\n    echo \"error: The sandbox is not in sync with the Podfile.lock. Run 'pod install' or update your CocoaPods installation.\" >&2\n    exit 1\nfi\n";
			showEnvVarsInLog = 0;
		};
/* End PBXShellScriptBuildPhase section */

/* Begin PBXSourcesBuildPhase section */
		4F16F38B1D15926800E8B25D /* Sources */ = {
			isa = PBXSourcesBuildPhase;
			buildActionMask = 2147483647;
			files = (
				C7A33F061E544FE00009768F /* KxMovieViewController.m in Sources */,
				4F16F39A1D15926800E8B25D /* ListViewController.m in Sources */,
				C7A33EF51E544F160009768F /* NewPlayerViewController.m in Sources */,
				4F16F3971D15926800E8B25D /* AppDelegate.m in Sources */,
				C7A33F051E544FE00009768F /* KxMovieGLView.m in Sources */,
				C7A33F021E544FE00009768F /* KxAudioManager.m in Sources */,
				C7A33EEF1E54491B0009768F /* MHomeViewController.m in Sources */,
				C7A33F041E544FE00009768F /* KxMovieDecoder.m in Sources */,
				4F16F3941D15926800E8B25D /* main.m in Sources */,
				4F3AF59F1E61273300CEE308 /* MNavigationController.m in Sources */,
				C73892FA1E644E0F0044C969 /* MMovieModel.m in Sources */,
				C7A33F0C1E54549A0009768F /* ListTableViewCell.m in Sources */,
			);
			runOnlyForDeploymentPostprocessing = 0;
		};
/* End PBXSourcesBuildPhase section */

/* Begin PBXVariantGroup section */
		4F16F39B1D15926800E8B25D /* Main.storyboard */ = {
			isa = PBXVariantGroup;
			children = (
				4F16F39C1D15926800E8B25D /* Base */,
			);
			name = Main.storyboard;
			sourceTree = "<group>";
		};
		4F16F3A01D15926800E8B25D /* LaunchScreen.storyboard */ = {
			isa = PBXVariantGroup;
			children = (
				4F16F3A11D15926800E8B25D /* Base */,
			);
			name = LaunchScreen.storyboard;
			sourceTree = "<group>";
		};
/* End PBXVariantGroup section */

/* Begin XCBuildConfiguration section */
		4F16F3A41D15926800E8B25D /* Debug */ = {
			isa = XCBuildConfiguration;
			buildSettings = {
				ALWAYS_SEARCH_USER_PATHS = NO;
				CLANG_CXX_LANGUAGE_STANDARD = "gnu++0x";
				CLANG_CXX_LIBRARY = "libc++";
				CLANG_ENABLE_MODULES = YES;
				CLANG_ENABLE_OBJC_ARC = YES;
				CLANG_WARN_BOOL_CONVERSION = YES;
				CLANG_WARN_CONSTANT_CONVERSION = YES;
				CLANG_WARN_DIRECT_OBJC_ISA_USAGE = YES_ERROR;
				CLANG_WARN_EMPTY_BODY = YES;
				CLANG_WARN_ENUM_CONVERSION = YES;
				CLANG_WARN_INFINITE_RECURSION = YES;
				CLANG_WARN_INT_CONVERSION = YES;
				CLANG_WARN_OBJC_ROOT_CLASS = YES_ERROR;
				CLANG_WARN_SUSPICIOUS_MOVE = YES;
				CLANG_WARN_UNREACHABLE_CODE = YES;
				CLANG_WARN__DUPLICATE_METHOD_MATCH = YES;
				"CODE_SIGN_IDENTITY[sdk=iphoneos*]" = "iPhone Developer";
				COPY_PHASE_STRIP = NO;
				DEBUG_INFORMATION_FORMAT = dwarf;
				ENABLE_STRICT_OBJC_MSGSEND = YES;
				ENABLE_TESTABILITY = YES;
				GCC_C_LANGUAGE_STANDARD = gnu99;
				GCC_DYNAMIC_NO_PIC = NO;
				GCC_NO_COMMON_BLOCKS = YES;
				GCC_OPTIMIZATION_LEVEL = 0;
				GCC_PREPROCESSOR_DEFINITIONS = (
					"DEBUG=1",
					"$(inherited)",
				);
				GCC_WARN_64_TO_32_BIT_CONVERSION = YES;
				GCC_WARN_ABOUT_RETURN_TYPE = YES_ERROR;
				GCC_WARN_UNDECLARED_SELECTOR = YES;
				GCC_WARN_UNINITIALIZED_AUTOS = YES_AGGRESSIVE;
				GCC_WARN_UNUSED_FUNCTION = YES;
				GCC_WARN_UNUSED_VARIABLE = YES;
				IPHONEOS_DEPLOYMENT_TARGET = 8.0;
				MTL_ENABLE_DEBUG_INFO = YES;
				ONLY_ACTIVE_ARCH = YES;
				SDKROOT = iphoneos;
			};
			name = Debug;
		};
		4F16F3A51D15926800E8B25D /* Release */ = {
			isa = XCBuildConfiguration;
			buildSettings = {
				ALWAYS_SEARCH_USER_PATHS = NO;
				CLANG_CXX_LANGUAGE_STANDARD = "gnu++0x";
				CLANG_CXX_LIBRARY = "libc++";
				CLANG_ENABLE_MODULES = YES;
				CLANG_ENABLE_OBJC_ARC = YES;
				CLANG_WARN_BOOL_CONVERSION = YES;
				CLANG_WARN_CONSTANT_CONVERSION = YES;
				CLANG_WARN_DIRECT_OBJC_ISA_USAGE = YES_ERROR;
				CLANG_WARN_EMPTY_BODY = YES;
				CLANG_WARN_ENUM_CONVERSION = YES;
				CLANG_WARN_INFINITE_RECURSION = YES;
				CLANG_WARN_INT_CONVERSION = YES;
				CLANG_WARN_OBJC_ROOT_CLASS = YES_ERROR;
				CLANG_WARN_SUSPICIOUS_MOVE = YES;
				CLANG_WARN_UNREACHABLE_CODE = YES;
				CLANG_WARN__DUPLICATE_METHOD_MATCH = YES;
				"CODE_SIGN_IDENTITY[sdk=iphoneos*]" = "iPhone Developer";
				COPY_PHASE_STRIP = NO;
				DEBUG_INFORMATION_FORMAT = "dwarf-with-dsym";
				ENABLE_NS_ASSERTIONS = NO;
				ENABLE_STRICT_OBJC_MSGSEND = YES;
				GCC_C_LANGUAGE_STANDARD = gnu99;
				GCC_NO_COMMON_BLOCKS = YES;
				GCC_WARN_64_TO_32_BIT_CONVERSION = YES;
				GCC_WARN_ABOUT_RETURN_TYPE = YES_ERROR;
				GCC_WARN_UNDECLARED_SELECTOR = YES;
				GCC_WARN_UNINITIALIZED_AUTOS = YES_AGGRESSIVE;
				GCC_WARN_UNUSED_FUNCTION = YES;
				GCC_WARN_UNUSED_VARIABLE = YES;
				IPHONEOS_DEPLOYMENT_TARGET = 8.0;
				MTL_ENABLE_DEBUG_INFO = NO;
				SDKROOT = iphoneos;
				VALIDATE_PRODUCT = YES;
			};
			name = Release;
		};
		4F16F3A71D15926800E8B25D /* Debug */ = {
			isa = XCBuildConfiguration;
			baseConfigurationReference = 456BAC7CC6557EA39F023529 /* Pods-MVideo.debug.xcconfig */;
			buildSettings = {
				ASSETCATALOG_COMPILER_APPICON_NAME = AppIcon;
				CODE_SIGN_IDENTITY = "iPhone Developer";
				"CODE_SIGN_IDENTITY[sdk=iphoneos*]" = "iPhone Developer";
				DEVELOPMENT_TEAM = 4AW78593E8;
				ENABLE_BITCODE = NO;
				GCC_PREFIX_HEADER = "./MVideo/MVideo-Pre.pch";
				HEADER_SEARCH_PATHS = (
					"\"${SRCROOT}/FFmpeg/include\"",
					"$(inherited)",
					"\"${PODS_ROOT}/Headers/Public\"",
					"\"${PODS_ROOT}/Headers/Public/NSLogger\"",
				);
				INFOPLIST_FILE = MVideo/Info.plist;
				IPHONEOS_DEPLOYMENT_TARGET = 8.0;
				LD_RUNPATH_SEARCH_PATHS = "$(inherited) @executable_path/Frameworks";
				LIBRARY_SEARCH_PATHS = (
					"$(inherited)",
					"$(PROJECT_DIR)/MVideo/FFmpeg/lib",
					"$(PROJECT_DIR)/FFmpeg/lib",
				);
				PRODUCT_BUNDLE_IDENTIFIER = com.sohu.mobile.MVideo;
				PRODUCT_NAME = "$(TARGET_NAME)";
				PROVISIONING_PROFILE = "5fa40e5c-0f31-4a04-b61c-ea5b1f7b16bb";
				PROVISIONING_PROFILE_SPECIFIER = develop_universal_profile;
				TARGETED_DEVICE_FAMILY = "1,2";
			};
			name = Debug;
		};
		4F16F3A81D15926800E8B25D /* Release */ = {
			isa = XCBuildConfiguration;
			baseConfigurationReference = 1FFC45E0305C9DC90791AED1 /* Pods-MVideo.release.xcconfig */;
			buildSettings = {
				ASSETCATALOG_COMPILER_APPICON_NAME = AppIcon;
				"CODE_SIGN_IDENTITY[sdk=iphoneos*]" = "iPhone Developer";
				DEVELOPMENT_TEAM = 4AW78593E8;
				ENABLE_BITCODE = NO;
				GCC_PREFIX_HEADER = "./MVideo/MVideo-Pre.pch";
				HEADER_SEARCH_PATHS = (
					"\"${SRCROOT}/FFmpeg/include\"",
					"$(inherited)",
					"\"${PODS_ROOT}/Headers/Public\"",
					"\"${PODS_ROOT}/Headers/Public/NSLogger\"",
				);
				INFOPLIST_FILE = MVideo/Info.plist;
				IPHONEOS_DEPLOYMENT_TARGET = 8.0;
				LD_RUNPATH_SEARCH_PATHS = "$(inherited) @executable_path/Frameworks";
				LIBRARY_SEARCH_PATHS = (
					"$(inherited)",
					"$(PROJECT_DIR)/MVideo/FFmpeg/lib",
					"$(PROJECT_DIR)/FFmpeg/lib",
				);
				PRODUCT_BUNDLE_IDENTIFIER = com.sohu.mobile.MVideo;
				PRODUCT_NAME = "$(TARGET_NAME)";
				PROVISIONING_PROFILE = "5fa40e5c-0f31-4a04-b61c-ea5b1f7b16bb";
				PROVISIONING_PROFILE_SPECIFIER = develop_universal_profile;
				TARGETED_DEVICE_FAMILY = "1,2";
			};
			name = Release;
		};
/* End XCBuildConfiguration section */

/* Begin XCConfigurationList section */
		4F16F38A1D15926800E8B25D /* Build configuration list for PBXProject "MVideo" */ = {
			isa = XCConfigurationList;
			buildConfigurations = (
				4F16F3A41D15926800E8B25D /* Debug */,
				4F16F3A51D15926800E8B25D /* Release */,
			);
			defaultConfigurationIsVisible = 0;
			defaultConfigurationName = Release;
		};
		4F16F3A61D15926800E8B25D /* Build configuration list for PBXNativeTarget "MVideo" */ = {
			isa = XCConfigurationList;
			buildConfigurations = (
				4F16F3A71D15926800E8B25D /* Debug */,
				4F16F3A81D15926800E8B25D /* Release */,
			);
			defaultConfigurationIsVisible = 0;
			defaultConfigurationName = Release;
		};
/* End XCConfigurationList section */
	};
	rootObject = 4F16F3871D15926800E8B25D /* Project object */;
}
