// !$*UTF8*$!
{
	archiveVersion = 1;
	classes = {
	};
	objectVersion = 46;
	objects = {

/* Begin PBXBuildFile section */
		4F16F3941D15926800E8B25D /* main.m in Sources */ = {isa = PBXBuildFile; fileRef = 4F16F3931D15926800E8B25D /* main.m */; };
		4F16F3971D15926800E8B25D /* AppDelegate.m in Sources */ = {isa = PBXBuildFile; fileRef = 4F16F3961D15926800E8B25D /* AppDelegate.m */; };
		4F16F39A1D15926800E8B25D /* ListViewController.m in Sources */ = {isa = PBXBuildFile; fileRef = 4F16F3991D15926800E8B25D /* ListViewController.m */; };
		4F16F39D1D15926800E8B25D /* Main.storyboard in Resources */ = {isa = PBXBuildFile; fileRef = 4F16F39B1D15926800E8B25D /* Main.storyboard */; };
		4F16F39F1D15926800E8B25D /* Assets.xcassets in Resources */ = {isa = PBXBuildFile; fileRef = 4F16F39E1D15926800E8B25D /* Assets.xcassets */; };
		4F16F3A21D15926800E8B25D /* LaunchScreen.storyboard in Resources */ = {isa = PBXBuildFile; fileRef = 4F16F3A01D15926800E8B25D /* LaunchScreen.storyboard */; };
		4FB931211D16AD930030A1C3 /* videosList0.txt in Resources */ = {isa = PBXBuildFile; fileRef = 4FB931201D16AD930030A1C3 /* videosList0.txt */; };
		4FB931231D16B6460030A1C3 /* videosList1.txt in Resources */ = {isa = PBXBuildFile; fileRef = 4FB931221D16B6460030A1C3 /* videosList1.txt */; };
		7D872EDCA83C4A42043A7C99 /* libPods-MVideo.a in Frameworks */ = {isa = PBXBuildFile; fileRef = 555C6A4F7C914B4153854619 /* libPods-MVideo.a */; };
		C73926EC1D1D2FAD00C93A12 /* AVKit.framework in Frameworks */ = {isa = PBXBuildFile; fileRef = C73926EB1D1D2FAD00C93A12 /* AVKit.framework */; };
		C73926F21D1D33C600C93A12 /* videosList3.txt in Resources */ = {isa = PBXBuildFile; fileRef = C73926F11D1D33C600C93A12 /* videosList3.txt */; };
		C73926F41D1D33CF00C93A12 /* videosList2.txt in Resources */ = {isa = PBXBuildFile; fileRef = C73926F31D1D33CF00C93A12 /* videosList2.txt */; };
		C799DA2C1E57130C007BC8BD /* videosList6.txt in Resources */ = {isa = PBXBuildFile; fileRef = C799DA2B1E57130C007BC8BD /* videosList6.txt */; };
		C7A33EE91E5433970009768F /* videosList4.txt in Resources */ = {isa = PBXBuildFile; fileRef = C7A33EE81E5433970009768F /* videosList4.txt */; };
		C7A33EEF1E54491B0009768F /* MHomeViewController.m in Sources */ = {isa = PBXBuildFile; fileRef = C7A33EEE1E54491B0009768F /* MHomeViewController.m */; };
		C7A33EF21E544CD40009768F /* videosList5.txt in Resources */ = {isa = PBXBuildFile; fileRef = C7A33EF11E544CD40009768F /* videosList5.txt */; };
		C7A33EF51E544F160009768F /* NewPlayerViewController.m in Sources */ = {isa = PBXBuildFile; fileRef = C7A33EF41E544F160009768F /* NewPlayerViewController.m */; };
		C7A33F021E544FE00009768F /* KxAudioManager.m in Sources */ = {isa = PBXBuildFile; fileRef = C7A33EF81E544FE00009768F /* KxAudioManager.m */; };
		C7A33F031E544FE00009768F /* kxmovie.bundle in Resources */ = {isa = PBXBuildFile; fileRef = C7A33EFB1E544FE00009768F /* kxmovie.bundle */; };
		C7A33F041E544FE00009768F /* KxMovieDecoder.m in Sources */ = {isa = PBXBuildFile; fileRef = C7A33EFD1E544FE00009768F /* KxMovieDecoder.m */; };
		C7A33F051E544FE00009768F /* KxMovieGLView.m in Sources */ = {isa = PBXBuildFile; fileRef = C7A33EFF1E544FE00009768F /* KxMovieGLView.m */; };
		C7A33F061E544FE00009768F /* KxMovieViewController.m in Sources */ = {isa = PBXBuildFile; fileRef = C7A33F011E544FE00009768F /* KxMovieViewController.m */; };
		C7A33F081E5450070009768F /* UIKit.framework in Frameworks */ = {isa = PBXBuildFile; fileRef = C7A33F071E5450070009768F /* UIKit.framework */; };
		C7A33F0C1E54549A0009768F /* ListTableViewCell.m in Sources */ = {isa = PBXBuildFile; fileRef = C7A33F0B1E54549A0009768F /* ListTableViewCell.m */; };
/* End PBXBuildFile section */

/* Begin PBXFileReference section */
		1FFC45E0305C9DC90791AED1 /* Pods-MVideo.release.xcconfig */ = {isa = PBXFileReference; includeInIndex = 1; lastKnownFileType = text.xcconfig; name = "Pods-MVideo.release.xcconfig"; path = "Pods/Target Support Files/Pods-MVideo/Pods-MVideo.release.xcconfig"; sourceTree = "<group>"; };
		456BAC7CC6557EA39F023529 /* Pods-MVideo.debug.xcconfig */ = {isa = PBXFileReference; includeInIndex = 1; lastKnownFileType = text.xcconfig; name = "Pods-MVideo.debug.xcconfig"; path = "Pods/Target Support Files/Pods-MVideo/Pods-MVideo.debug.xcconfig"; sourceTree = "<group>"; };
		4F16F38F1D15926800E8B25D /* MVideo.app */ = {isa = PBXFileReference; explicitFileType = wrapper.application; includeInIndex = 0; path = MVideo.app; sourceTree = BUILT_PRODUCTS_DIR; };
		4F16F3931D15926800E8B25D /* main.m */ = {isa = PBXFileReference; lastKnownFileType = sourcecode.c.objc; path = main.m; sourceTree = "<group>"; };
		4F16F3951D15926800E8B25D /* AppDelegate.h */ = {isa = PBXFileReference; lastKnownFileType = sourcecode.c.h; path = AppDelegate.h; sourceTree = "<group>"; };
		4F16F3961D15926800E8B25D /* AppDelegate.m */ = {isa = PBXFileReference; lastKnownFileType = sourcecode.c.objc; path = AppDelegate.m; sourceTree = "<group>"; };
		4F16F3981D15926800E8B25D /* ListViewController.h */ = {isa = PBXFileReference; lastKnownFileType = sourcecode.c.h; path = ListViewController.h; sourceTree = "<group>"; };
		4F16F3991D15926800E8B25D /* ListViewController.m */ = {isa = PBXFileReference; lastKnownFileType = sourcecode.c.objc; path = ListViewController.m; sourceTree = "<group>"; };
		4F16F39C1D15926800E8B25D /* Base */ = {isa = PBXFileReference; lastKnownFileType = file.storyboard; name = Base; path = Base.lproj/Main.storyboard; sourceTree = "<group>"; };
		4F16F39E1D15926800E8B25D /* Assets.xcassets */ = {isa = PBXFileReference; lastKnownFileType = folder.assetcatalog; path = Assets.xcassets; sourceTree = "<group>"; };
		4F16F3A11D15926800E8B25D /* Base */ = {isa = PBXFileReference; lastKnownFileType = file.storyboard; name = Base; path = Base.lproj/LaunchScreen.storyboard; sourceTree = "<group>"; };
		4F16F3A31D15926800E8B25D /* Info.plist */ = {isa = PBXFileReference; lastKnownFileType = text.plist.xml; path = Info.plist; sourceTree = "<group>"; };
		4FB931201D16AD930030A1C3 /* videosList0.txt */ = {isa = PBXFileReference; fileEncoding = 4; lastKnownFileType = text; path = videosList0.txt; sourceTree = "<group>"; };
		4FB931221D16B6460030A1C3 /* videosList1.txt */ = {isa = PBXFileReference; fileEncoding = 4; lastKnownFileType = text; path = videosList1.txt; sourceTree = "<group>"; };
		555C6A4F7C914B4153854619 /* libPods-MVideo.a */ = {isa = PBXFileReference; explicitFileType = archive.ar; includeInIndex = 0; path = "libPods-MVideo.a"; sourceTree = BUILT_PRODUCTS_DIR; };
		C73926EB1D1D2FAD00C93A12 /* AVKit.framework */ = {isa = PBXFileReference; lastKnownFileType = wrapper.framework; name = AVKit.framework; path = System/Library/Frameworks/AVKit.framework; sourceTree = SDKROOT; };
		C73926F11D1D33C600C93A12 /* videosList3.txt */ = {isa = PBXFileReference; fileEncoding = 4; lastKnownFileType = text; path = videosList3.txt; sourceTree = "<group>"; };
		C73926F31D1D33CF00C93A12 /* videosList2.txt */ = {isa = PBXFileReference; fileEncoding = 4; lastKnownFileType = text; path = videosList2.txt; sourceTree = "<group>"; };
		C799DA2B1E57130C007BC8BD /* videosList6.txt */ = {isa = PBXFileReference; fileEncoding = 4; lastKnownFileType = text; path = videosList6.txt; sourceTree = "<group>"; };
		C7A33EE81E5433970009768F /* videosList4.txt */ = {isa = PBXFileReference; fileEncoding = 4; lastKnownFileType = text; path = videosList4.txt; sourceTree = "<group>"; };
		C7A33EED1E54491B0009768F /* MHomeViewController.h */ = {isa = PBXFileReference; fileEncoding = 4; lastKnownFileType = sourcecode.c.h; path = MHomeViewController.h; sourceTree = "<group>"; };
		C7A33EEE1E54491B0009768F /* MHomeViewController.m */ = {isa = PBXFileReference; fileEncoding = 4; lastKnownFileType = sourcecode.c.objc; path = MHomeViewController.m; sourceTree = "<group>"; };
		C7A33EF11E544CD40009768F /* videosList5.txt */ = {isa = PBXFileReference; fileEncoding = 4; lastKnownFileType = text; path = videosList5.txt; sourceTree = "<group>"; };
		C7A33EF31E544F160009768F /* NewPlayerViewController.h */ = {isa = PBXFileReference; fileEncoding = 4; lastKnownFileType = sourcecode.c.h; path = NewPlayerViewController.h; sourceTree = "<group>"; };
		C7A33EF41E544F160009768F /* NewPlayerViewController.m */ = {isa = PBXFileReference; fileEncoding = 4; lastKnownFileType = sourcecode.c.objc; path = NewPlayerViewController.m; sourceTree = "<group>"; };
		C7A33EF71E544FE00009768F /* KxAudioManager.h */ = {isa = PBXFileReference; fileEncoding = 4; lastKnownFileType = sourcecode.c.h; path = KxAudioManager.h; sourceTree = "<group>"; };
		C7A33EF81E544FE00009768F /* KxAudioManager.m */ = {isa = PBXFileReference; fileEncoding = 4; lastKnownFileType = sourcecode.c.objc; path = KxAudioManager.m; sourceTree = "<group>"; };
		C7A33EF91E544FE00009768F /* KxLogger.h */ = {isa = PBXFileReference; fileEncoding = 4; lastKnownFileType = sourcecode.c.h; path = KxLogger.h; sourceTree = "<group>"; };
		C7A33EFA1E544FE00009768F /* kxmovie-Prefix.pch */ = {isa = PBXFileReference; fileEncoding = 4; lastKnownFileType = sourcecode.c.h; path = "kxmovie-Prefix.pch"; sourceTree = "<group>"; };
		C7A33EFB1E544FE00009768F /* kxmovie.bundle */ = {isa = PBXFileReference; lastKnownFileType = "wrapper.plug-in"; path = kxmovie.bundle; sourceTree = "<group>"; };
		C7A33EFC1E544FE00009768F /* KxMovieDecoder.h */ = {isa = PBXFileReference; fileEncoding = 4; lastKnownFileType = sourcecode.c.h; path = KxMovieDecoder.h; sourceTree = "<group>"; };
		C7A33EFD1E544FE00009768F /* KxMovieDecoder.m */ = {isa = PBXFileReference; fileEncoding = 4; lastKnownFileType = sourcecode.c.objc; path = KxMovieDecoder.m; sourceTree = "<group>"; };
		C7A33EFE1E544FE00009768F /* KxMovieGLView.h */ = {isa = PBXFileReference; fileEncoding = 4; lastKnownFileType = sourcecode.c.h; path = KxMovieGLView.h; sourceTree = "<group>"; };
		C7A33EFF1E544FE00009768F /* KxMovieGLView.m */ = {isa = PBXFileReference; fileEncoding = 4; lastKnownFileType = sourcecode.c.objc; path = KxMovieGLView.m; sourceTree = "<group>"; };
		C7A33F001E544FE00009768F /* KxMovieViewController.h */ = {isa = PBXFileReference; fileEncoding = 4; lastKnownFileType = sourcecode.c.h; path = KxMovieViewController.h; sourceTree = "<group>"; };
		C7A33F011E544FE00009768F /* KxMovieViewController.m */ = {isa = PBXFileReference; fileEncoding = 4; lastKnownFileType = sourcecode.c.objc; path = KxMovieViewController.m; sourceTree = "<group>"; };
		C7A33F071E5450070009768F /* UIKit.framework */ = {isa = PBXFileReference; lastKnownFileType = wrapper.framework; name = UIKit.framework; path = System/Library/Frameworks/UIKit.framework; sourceTree = SDKROOT; };
		C7A33F091E5450530009768F /* MVideo-Pre.pch */ = {isa = PBXFileReference; fileEncoding = 4; lastKnownFileType = sourcecode.c.h; path = "MVideo-Pre.pch"; sourceTree = "<group>"; };
		C7A33F0A1E54549A0009768F /* ListTableViewCell.h */ = {isa = PBXFileReference; fileEncoding = 4; lastKnownFileType = sourcecode.c.h; path = ListTableViewCell.h; sourceTree = "<group>"; };
		C7A33F0B1E54549A0009768F /* ListTableViewCell.m */ = {isa = PBXFileReference; fileEncoding = 4; lastKnownFileType = sourcecode.c.objc; path = ListTableViewCell.m; sourceTree = "<group>"; };
/* End PBXFileReference section */

/* Begin PBXFrameworksBuildPhase section */
		4F16F38C1D15926800E8B25D /* Frameworks */ = {
			isa = PBXFrameworksBuildPhase;
			buildActionMask = 2147483647;
			files = (
				C7A33F081E5450070009768F /* UIKit.framework in Frameworks */,
				C73926EC1D1D2FAD00C93A12 /* AVKit.framework in Frameworks */,
				7D872EDCA83C4A42043A7C99 /* libPods-MVideo.a in Frameworks */,
			);
			runOnlyForDeploymentPostprocessing = 0;
		};
/* End PBXFrameworksBuildPhase section */

/* Begin PBXGroup section */
		4276F6AEEB775FFC413ECEE4 /* Pods */ = {
			isa = PBXGroup;
			children = (
				456BAC7CC6557EA39F023529 /* Pods-MVideo.debug.xcconfig */,
				1FFC45E0305C9DC90791AED1 /* Pods-MVideo.release.xcconfig */,
			);
			name = Pods;
			sourceTree = "<group>";
		};
		4F16F3861D15926800E8B25D = {
			isa = PBXGroup;
			children = (
				4F16F3911D15926800E8B25D /* MVideo */,
				4F16F3901D15926800E8B25D /* Products */,
				4276F6AEEB775FFC413ECEE4 /* Pods */,
				E3D7921AC30277C0E3D00926 /* Frameworks */,
			);
			sourceTree = "<group>";
		};
		4F16F3901D15926800E8B25D /* Products */ = {
			isa = PBXGroup;
			children = (
				4F16F38F1D15926800E8B25D /* MVideo.app */,
			);
			name = Products;
			sourceTree = "<group>";
		};
		4F16F3911D15926800E8B25D /* MVideo */ = {
			isa = PBXGroup;
			children = (
				4F16F3951D15926800E8B25D /* AppDelegate.h */,
				4F16F3961D15926800E8B25D /* AppDelegate.m */,
				C7A33EED1E54491B0009768F /* MHomeViewController.h */,
				C7A33EEE1E54491B0009768F /* MHomeViewController.m */,
				4F16F3981D15926800E8B25D /* ListViewController.h */,
				4F16F3991D15926800E8B25D /* ListViewController.m */,
				C7A33F0A1E54549A0009768F /* ListTableViewCell.h */,
				C7A33F0B1E54549A0009768F /* ListTableViewCell.m */,
				C7A33EF31E544F160009768F /* NewPlayerViewController.h */,
				C7A33EF41E544F160009768F /* NewPlayerViewController.m */,
				C7A33EF61E544FE00009768F /* kxmovie */,
				C7A33EF01E544B750009768F /* Resouce */,
				4F16F39B1D15926800E8B25D /* Main.storyboard */,
				4F16F39E1D15926800E8B25D /* Assets.xcassets */,
				4F16F3A01D15926800E8B25D /* LaunchScreen.storyboard */,
				4F16F3A31D15926800E8B25D /* Info.plist */,
				4F16F3921D15926800E8B25D /* Supporting Files */,
			);
			path = MVideo;
			sourceTree = "<group>";
		};
		4F16F3921D15926800E8B25D /* Supporting Files */ = {
			isa = PBXGroup;
			children = (
				4F16F3931D15926800E8B25D /* main.m */,
				C7A33F091E5450530009768F /* MVideo-Pre.pch */,
			);
			name = "Supporting Files";
			sourceTree = "<group>";
		};
		C7A33EF01E544B750009768F /* Resouce */ = {
			isa = PBXGroup;
			children = (
				4FB931201D16AD930030A1C3 /* videosList0.txt */,
				4FB931221D16B6460030A1C3 /* videosList1.txt */,
				C73926F31D1D33CF00C93A12 /* videosList2.txt */,
				C73926F11D1D33C600C93A12 /* videosList3.txt */,
				C7A33EE81E5433970009768F /* videosList4.txt */,
				C7A33EF11E544CD40009768F /* videosList5.txt */,
				C799DA2B1E57130C007BC8BD /* videosList6.txt */,
			);
			name = Resouce;
			sourceTree = "<group>";
		};
		C7A33EF61E544FE00009768F /* kxmovie */ = {
			isa = PBXGroup;
			children = (
				C7A33EF71E544FE00009768F /* KxAudioManager.h */,
				C7A33EF81E544FE00009768F /* KxAudioManager.m */,
				C7A33EF91E544FE00009768F /* KxLogger.h */,
				C7A33EFA1E544FE00009768F /* kxmovie-Prefix.pch */,
				C7A33EFB1E544FE00009768F /* kxmovie.bundle */,
				C7A33EFC1E544FE00009768F /* KxMovieDecoder.h */,
				C7A33EFD1E544FE00009768F /* KxMovieDecoder.m */,
				C7A33EFE1E544FE00009768F /* KxMovieGLView.h */,
				C7A33EFF1E544FE00009768F /* KxMovieGLView.m */,
				C7A33F001E544FE00009768F /* KxMovieViewController.h */,
				C7A33F011E544FE00009768F /* KxMovieViewController.m */,
			);
			path = kxmovie;
			sourceTree = "<group>";
		};
		E3D7921AC30277C0E3D00926 /* Frameworks */ = {
			isa = PBXGroup;
			children = (
				C73926EB1D1D2FAD00C93A12 /* AVKit.framework */,
				C7A33F071E5450070009768F /* UIKit.framework */,
				555C6A4F7C914B4153854619 /* libPods-MVideo.a */,
			);
			name = Frameworks;
			sourceTree = "<group>";
		};
/* End PBXGroup section */

/* Begin PBXNativeTarget section */
		4F16F38E1D15926800E8B25D /* MVideo */ = {
			isa = PBXNativeTarget;
			buildConfigurationList = 4F16F3A61D15926800E8B25D /* Build configuration list for PBXNativeTarget "MVideo" */;
			buildPhases = (
				F97F3CACD655DA69E4F9BED3 /* [CP] Check Pods Manifest.lock */,
				4F16F38B1D15926800E8B25D /* Sources */,
				4F16F38C1D15926800E8B25D /* Frameworks */,
				4F16F38D1D15926800E8B25D /* Resources */,
				AB0855775640C5F14954E2D7 /* [CP] Embed Pods Frameworks */,
				9E06F77112723F291207BF14 /* [CP] Copy Pods Resources */,
			);
			buildRules = (
			);
			dependencies = (
			);
			name = MVideo;
			productName = MVideo;
			productReference = 4F16F38F1D15926800E8B25D /* MVideo.app */;
			productType = "com.apple.product-type.application";
		};
/* End PBXNativeTarget section */

/* Begin PBXProject section */
		4F16F3871D15926800E8B25D /* Project object */ = {
			isa = PBXProject;
			attributes = {
				LastUpgradeCheck = 0720;
				ORGANIZATIONNAME = LHL;
				TargetAttributes = {
					4F16F38E1D15926800E8B25D = {
						CreatedOnToolsVersion = 7.2;
						DevelopmentTeam = 4AW78593E8;
						ProvisioningStyle = Manual;
						SystemCapabilities = {
							com.apple.BackgroundModes = {
								enabled = 1;
							};
						};
					};
				};
			};
			buildConfigurationList = 4F16F38A1D15926800E8B25D /* Build configuration list for PBXProject "MVideo" */;
			compatibilityVersion = "Xcode 3.2";
			developmentRegion = English;
			hasScannedForEncodings = 0;
			knownRegions = (
				en,
				Base,
			);
			mainGroup = 4F16F3861D15926800E8B25D;
			productRefGroup = 4F16F3901D15926800E8B25D /* Products */;
			projectDirPath = "";
			projectRoot = "";
			targets = (
				4F16F38E1D15926800E8B25D /* MVideo */,
			);
		};
/* End PBXProject section */

/* Begin PBXResourcesBuildPhase section */
		4F16F38D1D15926800E8B25D /* Resources */ = {
			isa = PBXResourcesBuildPhase;
			buildActionMask = 2147483647;
			files = (
				4FB931211D16AD930030A1C3 /* videosList0.txt in Resources */,
				C7A33F031E544FE00009768F /* kxmovie.bundle in Resources */,
				4F16F3A21D15926800E8B25D /* LaunchScreen.storyboard in Resources */,
				4F16F39F1D15926800E8B25D /* Assets.xcassets in Resources */,
				4FB931231D16B6460030A1C3 /* videosList1.txt in Resources */,
				C73926F21D1D33C600C93A12 /* videosList3.txt in Resources */,
				C73926F41D1D33CF00C93A12 /* videosList2.txt in Resources */,
				4F16F39D1D15926800E8B25D /* Main.storyboard in Resources */,
				C7A33EF21E544CD40009768F /* videosList5.txt in Resources */,
				C7A33EE91E5433970009768F /* videosList4.txt in Resources */,
				C799DA2C1E57130C007BC8BD /* videosList6.txt in Resources */,
			);
			runOnlyForDeploymentPostprocessing = 0;
		};
/* End PBXResourcesBuildPhase section */

/* Begin PBXShellScriptBuildPhase section */
		9E06F77112723F291207BF14 /* [CP] Copy Pods Resources */ = {
			isa = PBXShellScriptBuildPhase;
			buildActionMask = 2147483647;
			files = (
			);
			inputPaths = (
			);
			name = "[CP] Copy Pods Resources";
			outputPaths = (
			);
			runOnlyForDeploymentPostprocessing = 0;
			shellPath = /bin/sh;
			shellScript = "\"${SRCROOT}/Pods/Target Support Files/Pods-MVideo/Pods-MVideo-resources.sh\"\n";
			showEnvVarsInLog = 0;
		};
		AB0855775640C5F14954E2D7 /* [CP] Embed Pods Frameworks */ = {
			isa = PBXShellScriptBuildPhase;
			buildActionMask = 2147483647;
			files = (
			);
			inputPaths = (
			);
			name = "[CP] Embed Pods Frameworks";
			outputPaths = (
			);
			runOnlyForDeploymentPostprocessing = 0;
			shellPath = /bin/sh;
			shellScript = "\"${SRCROOT}/Pods/Target Support Files/Pods-MVideo/Pods-MVideo-frameworks.sh\"\n";
			showEnvVarsInLog = 0;
		};
		F97F3CACD655DA69E4F9BED3 /* [CP] Check Pods Manifest.lock */ = {
			isa = PBXShellScriptBuildPhase;
			buildActionMask = 2147483647;
			files = (
			);
			inputPaths = (
			);
			name = "[CP] Check Pods Manifest.lock";
			outputPaths = (
			);
			runOnlyForDeploymentPostprocessing = 0;
			shellPath = /bin/sh;
			shellScript = "diff \"${PODS_ROOT}/../Podfile.lock\" \"${PODS_ROOT}/Manifest.lock\" > /dev/null\nif [ $? != 0 ] ; then\n    # print error to STDERR\n    echo \"error: The sandbox is not in sync with the Podfile.lock. Run 'pod install' or update your CocoaPods installation.\" >&2\n    exit 1\nfi\n";
			showEnvVarsInLog = 0;
		};
/* End PBXShellScriptBuildPhase section */

/* Begin PBXSourcesBuildPhase section */
		4F16F38B1D15926800E8B25D /* Sources */ = {
			isa = PBXSourcesBuildPhase;
			buildActionMask = 2147483647;
			files = (
				C7A33F061E544FE00009768F /* KxMovieViewController.m in Sources */,
				4F16F39A1D15926800E8B25D /* ListViewController.m in Sources */,
				C7A33EF51E544F160009768F /* NewPlayerViewController.m in Sources */,
				4F16F3971D15926800E8B25D /* AppDelegate.m in Sources */,
				C7A33F051E544FE00009768F /* KxMovieGLView.m in Sources */,
				C7A33F021E544FE00009768F /* KxAudioManager.m in Sources */,
				C7A33EEF1E54491B0009768F /* MHomeViewController.m in Sources */,
				C7A33F041E544FE00009768F /* KxMovieDecoder.m in Sources */,
				4F16F3941D15926800E8B25D /* main.m in Sources */,
				C7A33F0C1E54549A0009768F /* ListTableViewCell.m in Sources */,
			);
			runOnlyForDeploymentPostprocessing = 0;
		};
/* End PBXSourcesBuildPhase section */

/* Begin PBXVariantGroup section */
		4F16F39B1D15926800E8B25D /* Main.storyboard */ = {
			isa = PBXVariantGroup;
			children = (
				4F16F39C1D15926800E8B25D /* Base */,
			);
			name = Main.storyboard;
			sourceTree = "<group>";
		};
		4F16F3A01D15926800E8B25D /* LaunchScreen.storyboard */ = {
			isa = PBXVariantGroup;
			children = (
				4F16F3A11D15926800E8B25D /* Base */,
			);
			name = LaunchScreen.storyboard;
			sourceTree = "<group>";
		};
/* End PBXVariantGroup section */

/* Begin XCBuildConfiguration section */
		4F16F3A41D15926800E8B25D /* Debug */ = {
			isa = XCBuildConfiguration;
			buildSettings = {
				ALWAYS_SEARCH_USER_PATHS = NO;
				CLANG_CXX_LANGUAGE_STANDARD = "gnu++0x";
				CLANG_CXX_LIBRARY = "libc++";
				CLANG_ENABLE_MODULES = YES;
				CLANG_ENABLE_OBJC_ARC = YES;
				CLANG_WARN_BOOL_CONVERSION = YES;
				CLANG_WARN_CONSTANT_CONVERSION = YES;
				CLANG_WARN_DIRECT_OBJC_ISA_USAGE = YES_ERROR;
				CLANG_WARN_EMPTY_BODY = YES;
				CLANG_WARN_ENUM_CONVERSION = YES;
				CLANG_WARN_INT_CONVERSION = YES;
				CLANG_WARN_OBJC_ROOT_CLASS = YES_ERROR;
				CLANG_WARN_UNREACHABLE_CODE = YES;
				CLANG_WARN__DUPLICATE_METHOD_MATCH = YES;
				"CODE_SIGN_IDENTITY[sdk=iphoneos*]" = "iPhone Developer";
				COPY_PHASE_STRIP = NO;
				DEBUG_INFORMATION_FORMAT = dwarf;
				ENABLE_STRICT_OBJC_MSGSEND = YES;
				ENABLE_TESTABILITY = YES;
				GCC_C_LANGUAGE_STANDARD = gnu99;
				GCC_DYNAMIC_NO_PIC = NO;
				GCC_NO_COMMON_BLOCKS = YES;
				GCC_OPTIMIZATION_LEVEL = 0;
				GCC_PREPROCESSOR_DEFINITIONS = (
					"DEBUG=1",
					"$(inherited)",
				);
				GCC_WARN_64_TO_32_BIT_CONVERSION = YES;
				GCC_WARN_ABOUT_RETURN_TYPE = YES_ERROR;
				GCC_WARN_UNDECLARED_SELECTOR = YES;
				GCC_WARN_UNINITIALIZED_AUTOS = YES_AGGRESSIVE;
				GCC_WARN_UNUSED_FUNCTION = YES;
				GCC_WARN_UNUSED_VARIABLE = YES;
				IPHONEOS_DEPLOYMENT_TARGET = 9.2;
				MTL_ENABLE_DEBUG_INFO = YES;
				ONLY_ACTIVE_ARCH = YES;
				SDKROOT = iphoneos;
			};
			name = Debug;
		};
		4F16F3A51D15926800E8B25D /* Release */ = {
			isa = XCBuildConfiguration;
			buildSettings = {
				ALWAYS_SEARCH_USER_PATHS = NO;
				CLANG_CXX_LANGUAGE_STANDARD = "gnu++0x";
				CLANG_CXX_LIBRARY = "libc++";
				CLANG_ENABLE_MODULES = YES;
				CLANG_ENABLE_OBJC_ARC = YES;
				CLANG_WARN_BOOL_CONVERSION = YES;
				CLANG_WARN_CONSTANT_CONVERSION = YES;
				CLANG_WARN_DIRECT_OBJC_ISA_USAGE = YES_ERROR;
				CLANG_WARN_EMPTY_BODY = YES;
				CLANG_WARN_ENUM_CONVERSION = YES;
				CLANG_WARN_INT_CONVERSION = YES;
				CLANG_WARN_OBJC_ROOT_CLASS = YES_ERROR;
				CLANG_WARN_UNREACHABLE_CODE = YES;
				CLANG_WARN__DUPLICATE_METHOD_MATCH = YES;
				"CODE_SIGN_IDENTITY[sdk=iphoneos*]" = "iPhone Developer";
				COPY_PHASE_STRIP = NO;
				DEBUG_INFORMATION_FORMAT = "dwarf-with-dsym";
				ENABLE_NS_ASSERTIONS = NO;
				ENABLE_STRICT_OBJC_MSGSEND = YES;
				GCC_C_LANGUAGE_STANDARD = gnu99;
				GCC_NO_COMMON_BLOCKS = YES;
				GCC_WARN_64_TO_32_BIT_CONVERSION = YES;
				GCC_WARN_ABOUT_RETURN_TYPE = YES_ERROR;
				GCC_WARN_UNDECLARED_SELECTOR = YES;
				GCC_WARN_UNINITIALIZED_AUTOS = YES_AGGRESSIVE;
				GCC_WARN_UNUSED_FUNCTION = YES;
				GCC_WARN_UNUSED_VARIABLE = YES;
				IPHONEOS_DEPLOYMENT_TARGET = 9.2;
				MTL_ENABLE_DEBUG_INFO = NO;
				SDKROOT = iphoneos;
				VALIDATE_PRODUCT = YES;
			};
			name = Release;
		};
		4F16F3A71D15926800E8B25D /* Debug */ = {
			isa = XCBuildConfiguration;
			baseConfigurationReference = 456BAC7CC6557EA39F023529 /* Pods-MVideo.debug.xcconfig */;
			buildSettings = {
				ASSETCATALOG_COMPILER_APPICON_NAME = AppIcon;
				CODE_SIGN_IDENTITY = "iPhone Developer";
				"CODE_SIGN_IDENTITY[sdk=iphoneos*]" = "iPhone Developer";
				DEVELOPMENT_TEAM = 4AW78593E8;
				ENABLE_BITCODE = NO;
				GCC_PREFIX_HEADER = "./MVideo/MVideo-Pre.pch";
				INFOPLIST_FILE = MVideo/Info.plist;
				IPHONEOS_DEPLOYMENT_TARGET = 6.0;
				LD_RUNPATH_SEARCH_PATHS = "$(inherited) @executable_path/Frameworks";
				PRODUCT_BUNDLE_IDENTIFIER = com.sohu.mobile.MVideo;
				PRODUCT_NAME = "$(TARGET_NAME)";
				PROVISIONING_PROFILE = "48a5436e-cfb6-41c8-9aad-31d0c2f08be7";
				PROVISIONING_PROFILE_SPECIFIER = WeiChaoSOHUDevelopStarProfile;
				TARGETED_DEVICE_FAMILY = "1,2";
			};
			name = Debug;
		};
		4F16F3A81D15926800E8B25D /* Release */ = {
			isa = XCBuildConfiguration;
			baseConfigurationReference = 1FFC45E0305C9DC90791AED1 /* Pods-MVideo.release.xcconfig */;
			buildSettings = {
				ASSETCATALOG_COMPILER_APPICON_NAME = AppIcon;
				"CODE_SIGN_IDENTITY[sdk=iphoneos*]" = "iPhone Developer";
				DEVELOPMENT_TEAM = 4AW78593E8;
				ENABLE_BITCODE = NO;
				GCC_PREFIX_HEADER = "./MVideo/MVideo-Pre.pch";
				INFOPLIST_FILE = MVideo/Info.plist;
				IPHONEOS_DEPLOYMENT_TARGET = 6.0;
				LD_RUNPATH_SEARCH_PATHS = "$(inherited) @executable_path/Frameworks";
				PRODUCT_BUNDLE_IDENTIFIER = com.sohu.mobile.MVideo;
				PRODUCT_NAME = "$(TARGET_NAME)";
				PROVISIONING_PROFILE = "48a5436e-cfb6-41c8-9aad-31d0c2f08be7";
				PROVISIONING_PROFILE_SPECIFIER = WeiChaoSOHUDevelopStarProfile;
				TARGETED_DEVICE_FAMILY = "1,2";
			};
			name = Release;
		};
/* End XCBuildConfiguration section */

/* Begin XCConfigurationList section */
		4F16F38A1D15926800E8B25D /* Build configuration list for PBXProject "MVideo" */ = {
			isa = XCConfigurationList;
			buildConfigurations = (
				4F16F3A41D15926800E8B25D /* Debug */,
				4F16F3A51D15926800E8B25D /* Release */,
			);
			defaultConfigurationIsVisible = 0;
			defaultConfigurationName = Release;
		};
		4F16F3A61D15926800E8B25D /* Build configuration list for PBXNativeTarget "MVideo" */ = {
			isa = XCConfigurationList;
			buildConfigurations = (
				4F16F3A71D15926800E8B25D /* Debug */,
				4F16F3A81D15926800E8B25D /* Release */,
			);
			defaultConfigurationIsVisible = 0;
			defaultConfigurationName = Release;
		};
/* End XCConfigurationList section */
	};
	rootObject = 4F16F3871D15926800E8B25D /* Project object */;
}
