PODS:
  - FFmpeg (2.8.3):
    - FFmpeg/precompiled (= 2.8.3)
  - FFmpeg/precompiled (2.8.3)
  - NSLogger (1.7.0):
    - NSLogger/Standard (= 1.7.0)
  - NSLogger/Standard (1.7.0)

DEPENDENCIES:
  - FFmpeg (~> 2.8.3)
  - NSLogger (~> 1.7.0)

SPEC CHECKSUMS:
  FFmpeg: f1428c3b60b5f9e349fcd5d7878705cd7f9a26f6
  NSLogger: daa17368272ddf10a0850c218fe49de23b50f2eb

PODFILE CHECKSUM: 417c2bf690de7094dfed19e444fbc45b3cb77691

COCOAPODS: 1.2.0
